
Microsoft Visual Studio Solution File, Format Version 12.00
# Visual Studio Version 16
VisualStudioVersion = 16.0.30907.101
MinimumVisualStudioVersion = 10.0.40219.1
Project("{8BC9CEB8-8B4A-11D0-8D11-00A0C91BC942}") = "Adria", "Adria\Adria.vcxproj", "{42857581-D6E9-4F2F-B239-0AB76D90D29F}"
EndProject
Global
	GlobalSection(SolutionConfigurationPlatforms) = preSolution
		Debug|x64 = Debug|x64
		Debug|x86 = Debug|x86
		Release|x64 = Release|x64
		Release|x86 = Release|x86
	EndGlobalSection
	GlobalSection(ProjectConfigurationPlatforms) = postSolution
		{42857581-D6E9-4F2F-B239-0AB76D90D29F}.Debug|x64.ActiveCfg = Debug|x64
		{42857581-D6E9-4F2F-B239-0AB76D90D29F}.Debug|x64.Build.0 = Debug|x64
		{42857581-D6E9-4F2F-B239-0AB76D90D29F}.Debug|x86.ActiveCfg = Debug|Win32
		{42857581-D6E9-4F2F-B239-0AB76D90D29F}.Debug|x86.Build.0 = Debug|Win32
		{42857581-D6E9-4F2F-B239-0AB76D90D29F}.Release|x64.ActiveCfg = Release|x64
		{42857581-D6E9-4F2F-B239-0AB76D90D29F}.Release|x64.Build.0 = Release|x64
		{42857581-D6E9-4F2F-B239-0AB76D90D29F}.Release|x86.ActiveCfg = Release|Win32
		{42857581-D6E9-4F2F-B239-0AB76D90D29F}.Release|x86.Build.0 = Release|Win32
	EndGlobalSection
	GlobalSection(SolutionProperties) = preSolution
		HideSolutionNode = FALSE
	EndGlobalSection
	GlobalSection(ExtensibilityGlobals) = postSolution
		SolutionGuid = {6E5575B2-79A5-473A-ACE4-D1D7F11567BC}
	EndGlobalSection
EndGlobal
