<?xml version="1.0" encoding="utf-8"?>
<Project ToolsVersion="4.0" xmlns="http://schemas.microsoft.com/developer/msbuild/2003">
  <ItemGroup>
    <Filter Include="Resource Files">
      <UniqueIdentifier>{67DA6AB6-F800-4c08-8B7A-83BB121AAD01}</UniqueIdentifier>
      <Extensions>rc;ico;cur;bmp;dlg;rc2;rct;bin;rgs;gif;jpg;jpeg;jpe;resx;tiff;tif;png;wav;mfcribbon-ms</Extensions>
    </Filter>
    <Filter Include="Utilities">
      <UniqueIdentifier>{5f5eb8d6-7ace-4da4-9c09-4c0421c6d88e}</UniqueIdentifier>
    </Filter>
    <Filter Include="Logging">
      <UniqueIdentifier>{0267d83e-83de-4015-82c3-053aae4c0283}</UniqueIdentifier>
    </Filter>
    <Filter Include="Events">
      <UniqueIdentifier>{89bbabae-27da-4d3e-9aea-f01a3bf07905}</UniqueIdentifier>
    </Filter>
    <Filter Include="Audio">
      <UniqueIdentifier>{23d17a82-7972-4a3a-9996-4ab375ac7127}</UniqueIdentifier>
    </Filter>
    <Filter Include="Core">
      <UniqueIdentifier>{1471750e-b525-434b-8cb0-2a8b5be3e67d}</UniqueIdentifier>
    </Filter>
    <Filter Include="Math">
      <UniqueIdentifier>{e4e598df-2661-44af-a313-3e9c0822b7c7}</UniqueIdentifier>
    </Filter>
    <Filter Include="Graphics">
      <UniqueIdentifier>{3f774ea0-48a4-4afe-9e05-31075aa3a5f6}</UniqueIdentifier>
    </Filter>
    <Filter Include="Input">
      <UniqueIdentifier>{c1fcb557-832b-4fe5-aa19-2d97c55617eb}</UniqueIdentifier>
    </Filter>
    <Filter Include="Rendering">
      <UniqueIdentifier>{90f3ecb1-e0b1-41fc-8574-0f3d8d799d4f}</UniqueIdentifier>
    </Filter>
    <Filter Include="Shaders">
      <UniqueIdentifier>{0a9b30a0-b2ef-4b72-b960-2c527af5b0d3}</UniqueIdentifier>
    </Filter>
    <Filter Include="tecs">
      <UniqueIdentifier>{ef6b7c25-33a2-4670-acc7-6339c48baeb9}</UniqueIdentifier>
    </Filter>
    <Filter Include="Shaders\Misc">
      <UniqueIdentifier>{5870de78-f0ca-46df-a164-87ccc0682c2d}</UniqueIdentifier>
    </Filter>
    <Filter Include="Shaders\Globals">
      <UniqueIdentifier>{e5e40116-9a4b-4b12-b937-7804121c4def}</UniqueIdentifier>
    </Filter>
    <Filter Include="Shaders\Util">
      <UniqueIdentifier>{e6199006-4c65-4f92-88f6-5de91fd1234b}</UniqueIdentifier>
    </Filter>
    <Filter Include="Shaders\Postprocess">
      <UniqueIdentifier>{1b357409-706a-4957-802d-5a25baa7cbc4}</UniqueIdentifier>
    </Filter>
    <Filter Include="Shaders\Deferred">
      <UniqueIdentifier>{fdab0aff-a14d-47c6-8aff-e5da9f364cb7}</UniqueIdentifier>
    </Filter>
    <Filter Include="Shaders\Shadows">
      <UniqueIdentifier>{bd801d22-e9ef-4ed5-b999-295fe4961b1f}</UniqueIdentifier>
    </Filter>
    <Filter Include="ImGui">
      <UniqueIdentifier>{5f1947cd-69aa-41fd-9f89-0025141372cc}</UniqueIdentifier>
    </Filter>
    <Filter Include="Editor">
      <UniqueIdentifier>{82f8fa3a-c2b4-4cd1-9a90-c46b3a0b1dfb}</UniqueIdentifier>
    </Filter>
    <Filter Include="Shaders\Deferred\IBL">
      <UniqueIdentifier>{216dadbc-ae69-4a54-ae61-1e6776bc1f0c}</UniqueIdentifier>
    </Filter>
    <Filter Include="Shaders\RayTracing">
      <UniqueIdentifier>{b0c1741c-fed3-4183-a633-dfa94a466da2}</UniqueIdentifier>
    </Filter>
    <Filter Include="Tasks">
      <UniqueIdentifier>{6e93feed-a08b-471a-870c-bc433d3c1b4d}</UniqueIdentifier>
    </Filter>
    <Filter Include="Shaders\Ocean">
      <UniqueIdentifier>{1ad09a65-102a-469e-8203-a87e4c270feb}</UniqueIdentifier>
    </Filter>
    <Filter Include="Shaders\Particles">
      <UniqueIdentifier>{cce0a1aa-c48a-46e6-a52f-cda90620fbec}</UniqueIdentifier>
    </Filter>
  </ItemGroup>
  <ItemGroup>
    <ClCompile Include="main.cpp" />
    <ClCompile Include="Logging\Logger.cpp">
      <Filter>Logging</Filter>
    </ClCompile>
    <ClCompile Include="Events\EventQueue.cpp">
      <Filter>Events</Filter>
    </ClCompile>
    <ClCompile Include="Audio\AudioEngine.cpp">
      <Filter>Audio</Filter>
    </ClCompile>
    <ClCompile Include="Audio\AudioSystem.cpp">
      <Filter>Audio</Filter>
    </ClCompile>
    <ClCompile Include="Core\Engine.cpp">
      <Filter>Core</Filter>
    </ClCompile>
    <ClCompile Include="Core\Window.cpp">
      <Filter>Core</Filter>
    </ClCompile>
    <ClCompile Include="Input\Input.cpp">
      <Filter>Input</Filter>
    </ClCompile>
    <ClCompile Include="Rendering\CameraManager.cpp">
      <Filter>Rendering</Filter>
    </ClCompile>
    <ClCompile Include="Rendering\EntityLoader.cpp">
      <Filter>Rendering</Filter>
    </ClCompile>
    <ClCompile Include="Rendering\Camera.cpp">
      <Filter>Rendering</Filter>
    </ClCompile>
    <ClCompile Include="Graphics\D3D12MemAlloc.cpp">
      <Filter>Graphics</Filter>
    </ClCompile>
    <ClCompile Include="Graphics\DDSTextureLoader12.cpp">
      <Filter>Graphics</Filter>
    </ClCompile>
    <ClCompile Include="Graphics\WICTextureLoader12.cpp">
      <Filter>Graphics</Filter>
    </ClCompile>
    <ClCompile Include="Graphics\DescriptorHeap.cpp">
      <Filter>Graphics</Filter>
    </ClCompile>
    <ClCompile Include="Graphics\LinearDescriptorAllocator.cpp">
      <Filter>Graphics</Filter>
    </ClCompile>
    <ClCompile Include="Graphics\ShaderUtility.cpp">
      <Filter>Graphics</Filter>
    </ClCompile>
    <ClCompile Include="Graphics\RingDescriptorAllocator.cpp">
      <Filter>Graphics</Filter>
    </ClCompile>
    <ClCompile Include="Graphics\TextureManager.cpp">
      <Filter>Graphics</Filter>
    </ClCompile>
    <ClCompile Include="Rendering\Renderer.cpp">
      <Filter>Rendering</Filter>
    </ClCompile>
    <ClCompile Include="Graphics\LinearUploadBuffer.cpp">
      <Filter>Graphics</Filter>
    </ClCompile>
    <ClCompile Include="Graphics\RingUploadBuffer.cpp">
      <Filter>Graphics</Filter>
    </ClCompile>
    <ClCompile Include="Utilities\AdriaException.cpp">
      <Filter>Utilities</Filter>
    </ClCompile>
    <ClCompile Include="..\ThirdParty\ImGui\imgui.cpp">
      <Filter>ImGui</Filter>
    </ClCompile>
    <ClCompile Include="..\ThirdParty\ImGui\imgui_demo.cpp">
      <Filter>ImGui</Filter>
    </ClCompile>
    <ClCompile Include="..\ThirdParty\ImGui\imgui_draw.cpp">
      <Filter>ImGui</Filter>
    </ClCompile>
    <ClCompile Include="..\ThirdParty\ImGui\imgui_impl_dx12.cpp">
      <Filter>ImGui</Filter>
    </ClCompile>
    <ClCompile Include="..\ThirdParty\ImGui\imgui_impl_win32.cpp">
      <Filter>ImGui</Filter>
    </ClCompile>
    <ClCompile Include="..\ThirdParty\ImGui\imgui_tables.cpp">
      <Filter>ImGui</Filter>
    </ClCompile>
    <ClCompile Include="..\ThirdParty\ImGui\imgui_widgets.cpp">
      <Filter>ImGui</Filter>
    </ClCompile>
    <ClCompile Include="..\ThirdParty\ImGui\ImGuiFileDialog.cpp">
      <Filter>ImGui</Filter>
    </ClCompile>
    <ClCompile Include="Editor\GUI.cpp">
      <Filter>Editor</Filter>
    </ClCompile>
    <ClCompile Include="Editor\Editor.cpp">
      <Filter>Editor</Filter>
    </ClCompile>
    <ClCompile Include="..\ThirdParty\ImGui\ImGuizmo.cpp">
      <Filter>ImGui</Filter>
    </ClCompile>
    <ClCompile Include="Rendering\SimpleRayTracer.cpp">
      <Filter>Rendering</Filter>
    </ClCompile>
    <ClCompile Include="Graphics\MipsGenerator.cpp">
      <Filter>Graphics</Filter>
    </ClCompile>
    <ClCompile Include="Graphics\RenderPass.cpp">
      <Filter>Graphics</Filter>
    </ClCompile>
    <ClCompile Include="Graphics\Profiler.cpp">
      <Filter>Graphics</Filter>
    </ClCompile>
    <ClCompile Include="Graphics\GraphicsCoreDX12.cpp">
      <Filter>Graphics</Filter>
    </ClCompile>
    <ClCompile Include="Utilities\Heightmap.cpp">
      <Filter>Utilities</Filter>
    </ClCompile>
    <ClCompile Include="Rendering\SkyModel.cpp">
      <Filter>Rendering</Filter>
    </ClCompile>
    <ClCompile Include="Rendering\RootSigPSOManager.cpp">
      <Filter>Rendering</Filter>
    </ClCompile>
  </ItemGroup>
  <ItemGroup>
    <ClInclude Include="Utilities\RingBuffer.h">
      <Filter>Utilities</Filter>
    </ClInclude>
    <ClInclude Include="Utilities\ConcurrentQueue.h">
      <Filter>Utilities</Filter>
    </ClInclude>
    <ClInclude Include="Utilities\HashUtil.h">
      <Filter>Utilities</Filter>
    </ClInclude>
    <ClInclude Include="Utilities\ObjectPool.h">
      <Filter>Utilities</Filter>
    </ClInclude>
    <ClInclude Include="Utilities\Random.h">
      <Filter>Utilities</Filter>
    </ClInclude>
    <ClInclude Include="Utilities\StringUtil.h">
      <Filter>Utilities</Filter>
    </ClInclude>
    <ClInclude Include="Utilities\TemplatesUtil.h">
      <Filter>Utilities</Filter>
    </ClInclude>
    <ClInclude Include="Logging\Logger.h">
      <Filter>Logging</Filter>
    </ClInclude>
    <ClInclude Include="Events\EventQueue.h">
      <Filter>Events</Filter>
    </ClInclude>
    <ClInclude Include="Events\IEvent.h">
      <Filter>Events</Filter>
    </ClInclude>
    <ClInclude Include="Audio\AudioEngine.h">
      <Filter>Audio</Filter>
    </ClInclude>
    <ClInclude Include="Audio\AudioSystem.h">
      <Filter>Audio</Filter>
    </ClInclude>
    <ClInclude Include="Core\Definitions.h">
      <Filter>Core</Filter>
    </ClInclude>
    <ClInclude Include="Core\Window.h">
      <Filter>Core</Filter>
    </ClInclude>
    <ClInclude Include="Utilities\MemoryLeak.h">
      <Filter>Utilities</Filter>
    </ClInclude>
    <ClInclude Include="Core\Engine.h">
      <Filter>Core</Filter>
    </ClInclude>
    <ClInclude Include="Math\Constants.h">
      <Filter>Math</Filter>
    </ClInclude>
    <ClInclude Include="Core\Events.h">
      <Filter>Core</Filter>
    </ClInclude>
    <ClInclude Include="Input\Input.h">
      <Filter>Input</Filter>
    </ClInclude>
    <ClInclude Include="Core\Macros.h">
      <Filter>Core</Filter>
    </ClInclude>
    <ClInclude Include="resource.h">
      <Filter>Resource Files</Filter>
    </ClInclude>
    <ClInclude Include="Core\Windows.h">
      <Filter>Core</Filter>
    </ClInclude>
    <ClInclude Include="Utilities\Image.h">
      <Filter>Utilities</Filter>
    </ClInclude>
    <ClInclude Include="Math\BoundingVolumeHelpers.h">
      <Filter>Math</Filter>
    </ClInclude>
    <ClInclude Include="Rendering\CameraManager.h">
      <Filter>Rendering</Filter>
    </ClInclude>
    <ClInclude Include="Rendering\Components.h">
      <Filter>Rendering</Filter>
    </ClInclude>
    <ClInclude Include="Rendering\ConstantBuffers.h">
      <Filter>Rendering</Filter>
    </ClInclude>
    <ClInclude Include="Rendering\Enums.h">
      <Filter>Rendering</Filter>
    </ClInclude>
    <ClInclude Include="Rendering\Renderer.h">
      <Filter>Rendering</Filter>
    </ClInclude>
    <ClInclude Include="Rendering\EntityLoader.h">
      <Filter>Rendering</Filter>
    </ClInclude>
    <ClInclude Include="Rendering\Camera.h">
      <Filter>Rendering</Filter>
    </ClInclude>
    <ClInclude Include="tecs\component_pool.h">
      <Filter>tecs</Filter>
    </ClInclude>
    <ClInclude Include="tecs\entity.h">
      <Filter>tecs</Filter>
    </ClInclude>
    <ClInclude Include="tecs\entity_view.h">
      <Filter>tecs</Filter>
    </ClInclude>
    <ClInclude Include="tecs\registry.h">
      <Filter>tecs</Filter>
    </ClInclude>
    <ClInclude Include="tecs\sparse_set.h">
      <Filter>tecs</Filter>
    </ClInclude>
    <ClInclude Include="Graphics\D3D12MemAlloc.h">
      <Filter>Graphics</Filter>
    </ClInclude>
    <ClInclude Include="Graphics\d3dx12.h">
      <Filter>Graphics</Filter>
    </ClInclude>
    <ClInclude Include="Graphics\DDSTextureLoader12.h">
      <Filter>Graphics</Filter>
    </ClInclude>
    <ClInclude Include="Graphics\WICTextureLoader12.h">
      <Filter>Graphics</Filter>
    </ClInclude>
    <ClInclude Include="Graphics\LinearDescriptorAllocator.h">
      <Filter>Graphics</Filter>
    </ClInclude>
    <ClInclude Include="Graphics\DescriptorHeap.h">
      <Filter>Graphics</Filter>
    </ClInclude>
    <ClInclude Include="Graphics\ShaderUtility.h">
      <Filter>Graphics</Filter>
    </ClInclude>
    <ClInclude Include="Graphics\VertexTypes.h">
      <Filter>Graphics</Filter>
    </ClInclude>
    <ClInclude Include="Graphics\VertexBuffer.h">
      <Filter>Graphics</Filter>
    </ClInclude>
    <ClInclude Include="Graphics\IndexBuffer.h">
      <Filter>Graphics</Filter>
    </ClInclude>
    <ClInclude Include="Graphics\RingUploadBuffer.h">
      <Filter>Graphics</Filter>
    </ClInclude>
    <ClInclude Include="Graphics\RingDescriptorAllocator.h">
      <Filter>Graphics</Filter>
    </ClInclude>
    <ClInclude Include="Utilities\RingAllocator.h">
      <Filter>Utilities</Filter>
    </ClInclude>
    <ClInclude Include="Utilities\LinearAllocator.h">
      <Filter>Utilities</Filter>
    </ClInclude>
    <ClInclude Include="Utilities\AllocatorUtil.h">
      <Filter>Utilities</Filter>
    </ClInclude>
    <ClInclude Include="Graphics\ConstantBuffer.h">
      <Filter>Graphics</Filter>
    </ClInclude>
    <ClInclude Include="Graphics\TextureManager.h">
      <Filter>Graphics</Filter>
    </ClInclude>
    <ClInclude Include="Graphics\DWParam.h">
      <Filter>Graphics</Filter>
    </ClInclude>
    <ClInclude Include="Graphics\MipsGenerator.h">
      <Filter>Graphics</Filter>
    </ClInclude>
    <ClInclude Include="Graphics\Texture2D.h">
      <Filter>Graphics</Filter>
    </ClInclude>
    <ClInclude Include="Graphics\ResourceBarrierBatch.h">
      <Filter>Graphics</Filter>
    </ClInclude>
    <ClInclude Include="Graphics\Releasable.h">
      <Filter>Graphics</Filter>
    </ClInclude>
    <ClInclude Include="Graphics\RenderPass.h">
      <Filter>Graphics</Filter>
    </ClInclude>
    <ClInclude Include="Graphics\DynamicAllocation.h">
      <Filter>Graphics</Filter>
    </ClInclude>
    <ClInclude Include="Graphics\LinearUploadBuffer.h">
      <Filter>Graphics</Filter>
    </ClInclude>
    <ClInclude Include="Graphics\TextureCube.h">
      <Filter>Graphics</Filter>
    </ClInclude>
    <ClInclude Include="Graphics\Texture2DArray.h">
      <Filter>Graphics</Filter>
    </ClInclude>
    <ClInclude Include="Graphics\StructuredBuffer.h">
      <Filter>Graphics</Filter>
    </ClInclude>
    <ClInclude Include="Utilities\AdriaException.h">
      <Filter>Utilities</Filter>
    </ClInclude>
    <ClInclude Include="..\ThirdParty\ImGui\imconfig.h">
      <Filter>ImGui</Filter>
    </ClInclude>
    <ClInclude Include="..\ThirdParty\ImGui\imgui.h">
      <Filter>ImGui</Filter>
    </ClInclude>
    <ClInclude Include="..\ThirdParty\ImGui\imgui_impl_dx12.h">
      <Filter>ImGui</Filter>
    </ClInclude>
    <ClInclude Include="..\ThirdParty\ImGui\imgui_impl_win32.h">
      <Filter>ImGui</Filter>
    </ClInclude>
    <ClInclude Include="..\ThirdParty\ImGui\imgui_internal.h">
      <Filter>ImGui</Filter>
    </ClInclude>
    <ClInclude Include="..\ThirdParty\ImGui\ImGuiFileDialog.h">
      <Filter>ImGui</Filter>
    </ClInclude>
    <ClInclude Include="..\ThirdParty\ImGui\ImGuiFileDialogConfig.h">
      <Filter>ImGui</Filter>
    </ClInclude>
    <ClInclude Include="..\ThirdParty\ImGui\imstb_rectpack.h">
      <Filter>ImGui</Filter>
    </ClInclude>
    <ClInclude Include="..\ThirdParty\ImGui\imstb_textedit.h">
      <Filter>ImGui</Filter>
    </ClInclude>
    <ClInclude Include="..\ThirdParty\ImGui\imstb_truetype.h">
      <Filter>ImGui</Filter>
    </ClInclude>
    <ClInclude Include="Editor\GUI.h">
      <Filter>Editor</Filter>
    </ClInclude>
    <ClInclude Include="Rendering\RendererSettings.h">
      <Filter>Rendering</Filter>
    </ClInclude>
    <ClInclude Include="Editor\Editor.h">
      <Filter>Editor</Filter>
    </ClInclude>
    <ClInclude Include="Utilities\FilesUtil.h">
      <Filter>Utilities</Filter>
    </ClInclude>
    <ClInclude Include="..\ThirdParty\ImGui\ImGuizmo.h">
      <Filter>ImGui</Filter>
    </ClInclude>
    <ClInclude Include="Utilities\Timer.h">
      <Filter>Utilities</Filter>
    </ClInclude>
    <ClInclude Include="Rendering\SimpleRayTracer.h">
      <Filter>Rendering</Filter>
    </ClInclude>
    <ClInclude Include="Graphics\RayTracingUtil.h">
      <Filter>Graphics</Filter>
    </ClInclude>
    <ClInclude Include="Utilities\CommandLineParser.h">
      <Filter>Utilities</Filter>
    </ClInclude>
    <ClInclude Include="Graphics\Profiler.h">
      <Filter>Graphics</Filter>
    </ClInclude>
    <ClInclude Include="Graphics\ProfilerSettings.h">
      <Filter>Graphics</Filter>
    </ClInclude>
    <ClInclude Include="Utilities\EnumUtil.h">
      <Filter>Utilities</Filter>
    </ClInclude>
    <ClInclude Include="Graphics\ReadbackBuffer.h">
      <Filter>Graphics</Filter>
    </ClInclude>
    <ClInclude Include="Math\ComputeTangentFrame.h">
      <Filter>Math</Filter>
    </ClInclude>
    <ClInclude Include="Graphics\GraphicsCoreDX12.h">
      <Filter>Graphics</Filter>
    </ClInclude>
    <ClInclude Include="Tasks\Task.h">
      <Filter>Tasks</Filter>
    </ClInclude>
    <ClInclude Include="Tasks\TaskManager.h">
      <Filter>Tasks</Filter>
    </ClInclude>
    <ClInclude Include="Tasks\TaskSystem.h">
      <Filter>Tasks</Filter>
    </ClInclude>
    <ClInclude Include="Tasks\ThreadPool.h">
      <Filter>Tasks</Filter>
    </ClInclude>
    <ClInclude Include="Utilities\Heightmap.h">
      <Filter>Utilities</Filter>
    </ClInclude>
    <ClInclude Include="Utilities\HosekDataRGB.h">
      <Filter>Utilities</Filter>
    </ClInclude>
    <ClInclude Include="Math\ComputeNormals.h">
      <Filter>Math</Filter>
    </ClInclude>
    <ClInclude Include="Rendering\SkyModel.h">
      <Filter>Rendering</Filter>
    </ClInclude>
    <ClInclude Include="Rendering\ParticleRenderer.h">
      <Filter>Rendering</Filter>
    </ClInclude>
    <ClInclude Include="Utilities\JsonUtil.h">
      <Filter>Utilities</Filter>
    </ClInclude>
    <ClInclude Include="Rendering\Picker.h">
      <Filter>Rendering</Filter>
    </ClInclude>
    <ClInclude Include="Rendering\SceneViewport.h">
      <Filter>Rendering</Filter>
    </ClInclude>
    <ClInclude Include="Rendering\RootSigPSOManager.h">
      <Filter>Rendering</Filter>
    </ClInclude>
  </ItemGroup>
  <ItemGroup>
    <ResourceCompile Include="Adria.rc">
      <Filter>Resource Files</Filter>
    </ResourceCompile>
  </ItemGroup>
  <ItemGroup>
    <Image Include="Resources\Icons\adria_logo.ico">
      <Filter>Resource Files</Filter>
    </Image>
  </ItemGroup>
  <ItemGroup>
    <FxCompile Include="Resources\Shaders\Misc\SkyboxVS.hlsl">
      <Filter>Shaders\Misc</Filter>
    </FxCompile>
    <FxCompile Include="Resources\Shaders\Misc\SkyboxPS.hlsl">
      <Filter>Shaders\Misc</Filter>
    </FxCompile>
    <FxCompile Include="Resources\Shaders\Misc\GenerateMipsCS.hlsl">
      <Filter>Shaders\Misc</Filter>
    </FxCompile>
    <FxCompile Include="Resources\Shaders\PostProcess\ToneMapPS.hlsl">
      <Filter>Shaders\Postprocess</Filter>
    </FxCompile>
    <FxCompile Include="Resources\Shaders\PostProcess\ScreenQuadVS.hlsl">
      <Filter>Shaders\Postprocess</Filter>
    </FxCompile>
    <FxCompile Include="Resources\Shaders\PostProcess\FXAA_PS.hlsl">
      <Filter>Shaders\Postprocess</Filter>
    </FxCompile>
    <FxCompile Include="Resources\Shaders\Deferred\AmbientPBR_PS.hlsl">
      <Filter>Shaders\Deferred</Filter>
    </FxCompile>
    <FxCompile Include="Resources\Shaders\Deferred\GeometryPassPBR_PS.hlsl">
      <Filter>Shaders\Deferred</Filter>
    </FxCompile>
    <FxCompile Include="Resources\Shaders\Deferred\GeometryPassPBR_VS.hlsl">
      <Filter>Shaders\Deferred</Filter>
    </FxCompile>
    <FxCompile Include="Resources\Shaders\Deferred\LightingPBR_PS.hlsl">
      <Filter>Shaders\Deferred</Filter>
    </FxCompile>
    <FxCompile Include="Resources\Shaders\Shadows\DepthMapPS.hlsl">
      <Filter>Shaders\Shadows</Filter>
    </FxCompile>
    <FxCompile Include="Resources\Shaders\Shadows\DepthMapVS.hlsl">
      <Filter>Shaders\Shadows</Filter>
    </FxCompile>
    <FxCompile Include="Resources\Shaders\PostProcess\VolumetricLightDirectionalCascadesPS.hlsl">
      <Filter>Shaders\Postprocess</Filter>
    </FxCompile>
    <FxCompile Include="Resources\Shaders\PostProcess\VolumetricLightDirectionalPS.hlsl">
      <Filter>Shaders\Postprocess</Filter>
    </FxCompile>
    <FxCompile Include="Resources\Shaders\PostProcess\VolumetricLightPointPS.hlsl">
      <Filter>Shaders\Postprocess</Filter>
    </FxCompile>
    <FxCompile Include="Resources\Shaders\PostProcess\VolumetricLightSpotPS.hlsl">
      <Filter>Shaders\Postprocess</Filter>
    </FxCompile>
    <FxCompile Include="Resources\Shaders\Misc\BillboardPS.hlsl">
      <Filter>Shaders\Misc</Filter>
    </FxCompile>
    <FxCompile Include="Resources\Shaders\Misc\BillboardVS.hlsl">
      <Filter>Shaders\Misc</Filter>
    </FxCompile>
    <FxCompile Include="Resources\Shaders\Misc\SolidPS.hlsl">
      <Filter>Shaders\Misc</Filter>
    </FxCompile>
    <FxCompile Include="Resources\Shaders\Misc\SolidVS.hlsl">
      <Filter>Shaders\Misc</Filter>
    </FxCompile>
    <FxCompile Include="Resources\Shaders\Misc\SunPS.hlsl">
      <Filter>Shaders\Misc</Filter>
    </FxCompile>
    <FxCompile Include="Resources\Shaders\Misc\SunVS.hlsl">
      <Filter>Shaders\Misc</Filter>
    </FxCompile>
    <FxCompile Include="Resources\Shaders\Misc\TexturePS.hlsl">
      <Filter>Shaders\Misc</Filter>
    </FxCompile>
    <FxCompile Include="Resources\Shaders\Misc\TextureVS.hlsl">
      <Filter>Shaders\Misc</Filter>
    </FxCompile>
    <FxCompile Include="Resources\Shaders\PostProcess\SSAO_PS.hlsl">
      <Filter>Shaders\Postprocess</Filter>
    </FxCompile>
    <FxCompile Include="Resources\Shaders\PostProcess\BlurCS.hlsl">
      <Filter>Shaders\Postprocess</Filter>
    </FxCompile>
    <FxCompile Include="Resources\Shaders\PostProcess\CopyPS.hlsl">
      <Filter>Shaders\Postprocess</Filter>
    </FxCompile>
    <FxCompile Include="Resources\Shaders\PostProcess\SSR_PS.hlsl">
      <Filter>Shaders\Postprocess</Filter>
    </FxCompile>
    <FxCompile Include="Resources\Shaders\PostProcess\GodRaysPS.hlsl">
      <Filter>Shaders\Postprocess</Filter>
    </FxCompile>
    <FxCompile Include="Resources\Shaders\PostProcess\LensFlareGS.hlsl">
      <Filter>Shaders\Postprocess</Filter>
    </FxCompile>
    <FxCompile Include="Resources\Shaders\PostProcess\LensFlarePS.hlsl">
      <Filter>Shaders\Postprocess</Filter>
    </FxCompile>
    <FxCompile Include="Resources\Shaders\PostProcess\LensFlareVS.hlsl">
      <Filter>Shaders\Postprocess</Filter>
    </FxCompile>
    <FxCompile Include="Resources\Shaders\PostProcess\DOF_PS.hlsl">
      <Filter>Shaders\Postprocess</Filter>
    </FxCompile>
    <FxCompile Include="Resources\Shaders\PostProcess\AddPS.hlsl">
      <Filter>Shaders\Postprocess</Filter>
    </FxCompile>
    <FxCompile Include="Resources\Shaders\PostProcess\BloomExtractCS.hlsl">
      <Filter>Shaders\Postprocess</Filter>
    </FxCompile>
    <FxCompile Include="Resources\Shaders\PostProcess\CloudsPS.hlsl">
      <Filter>Shaders\Postprocess</Filter>
    </FxCompile>
    <FxCompile Include="Resources\Shaders\PostProcess\MotionBlurPS.hlsl">
      <Filter>Shaders\Postprocess</Filter>
    </FxCompile>
    <FxCompile Include="Resources\Shaders\Deferred\TiledLightingCS.hlsl">
      <Filter>Shaders\Deferred</Filter>
    </FxCompile>
    <FxCompile Include="Resources\Shaders\Deferred\ClusterBuildingCS.hlsl">
      <Filter>Shaders\Deferred</Filter>
    </FxCompile>
    <FxCompile Include="Resources\Shaders\Deferred\ClusterCullingCS.hlsl">
      <Filter>Shaders\Deferred</Filter>
    </FxCompile>
    <FxCompile Include="Resources\Shaders\Deferred\ClusterLightingPBR_PS.hlsl">
      <Filter>Shaders\Deferred</Filter>
    </FxCompile>
    <FxCompile Include="Resources\Shaders\PostProcess\FogPS.hlsl">
      <Filter>Shaders\Postprocess</Filter>
    </FxCompile>
    <FxCompile Include="Resources\Shaders\PostProcess\TAA_PS.hlsl">
      <Filter>Shaders\Postprocess</Filter>
    </FxCompile>
    <FxCompile Include="Resources\Shaders\Deferred\SpmapCS.hlsl">
      <Filter>Shaders\Deferred\IBL</Filter>
    </FxCompile>
    <FxCompile Include="Resources\Shaders\Deferred\SpbrdfCS.hlsl">
      <Filter>Shaders\Deferred\IBL</Filter>
    </FxCompile>
    <FxCompile Include="Resources\Shaders\Deferred\Equirect2cubeCS.hlsl">
      <Filter>Shaders\Deferred\IBL</Filter>
    </FxCompile>
    <FxCompile Include="Resources\Shaders\Deferred\IrmapCS.hlsl">
      <Filter>Shaders\Deferred\IBL</Filter>
    </FxCompile>
    <FxCompile Include="Resources\Shaders\PostProcess\BokehCS.hlsl">
      <Filter>Shaders\Postprocess</Filter>
    </FxCompile>
    <FxCompile Include="Resources\Shaders\PostProcess\BokehGS.hlsl">
      <Filter>Shaders\Postprocess</Filter>
    </FxCompile>
    <FxCompile Include="Resources\Shaders\PostProcess\BokehPS.hlsl">
      <Filter>Shaders\Postprocess</Filter>
    </FxCompile>
    <FxCompile Include="Resources\Shaders\PostProcess\BokehVS.hlsl">
      <Filter>Shaders\Postprocess</Filter>
    </FxCompile>
    <FxCompile Include="Resources\Shaders\PostProcess\HBAO_PS.hlsl">
      <Filter>Shaders\Postprocess</Filter>
    </FxCompile>
    <FxCompile Include="Resources\Shaders\PostProcess\BloomCombineCS.hlsl">
      <Filter>Shaders\Postprocess</Filter>
    </FxCompile>
    <FxCompile Include="Resources\Shaders\RayTracing\RayTracedShadows.hlsl">
      <Filter>Shaders\RayTracing</Filter>
    </FxCompile>
    <FxCompile Include="Resources\Shaders\RayTracing\RayTracedAmbientOcclusion.hlsl">
      <Filter>Shaders\RayTracing</Filter>
    </FxCompile>
    <FxCompile Include="Resources\Shaders\PostProcess\VelocityBufferPS.hlsl">
      <Filter>Shaders\Postprocess</Filter>
    </FxCompile>
    <FxCompile Include="Resources\Shaders\Misc\HosekWilkieSkyPS.hlsl">
      <Filter>Shaders\Misc</Filter>
    </FxCompile>
    <FxCompile Include="Resources\Shaders\Misc\UniformColorSkyPS.hlsl">
      <Filter>Shaders\Misc</Filter>
    </FxCompile>
    <FxCompile Include="Resources\Shaders\Ocean\FFT_horizontalCS.hlsl">
      <Filter>Shaders\Ocean</Filter>
    </FxCompile>
    <FxCompile Include="Resources\Shaders\Ocean\FFT_verticalCS.hlsl">
      <Filter>Shaders\Ocean</Filter>
    </FxCompile>
    <FxCompile Include="Resources\Shaders\Ocean\InitialSpectrumCS.hlsl">
      <Filter>Shaders\Ocean</Filter>
    </FxCompile>
    <FxCompile Include="Resources\Shaders\Ocean\NormalMapCS.hlsl">
      <Filter>Shaders\Ocean</Filter>
    </FxCompile>
    <FxCompile Include="Resources\Shaders\Ocean\OceanLodDS.hlsl">
      <Filter>Shaders\Ocean</Filter>
    </FxCompile>
    <FxCompile Include="Resources\Shaders\Ocean\OceanLodHS.hlsl">
      <Filter>Shaders\Ocean</Filter>
    </FxCompile>
    <FxCompile Include="Resources\Shaders\Ocean\OceanLodPS.hlsl">
      <Filter>Shaders\Ocean</Filter>
    </FxCompile>
    <FxCompile Include="Resources\Shaders\Ocean\OceanLodVS.hlsl">
      <Filter>Shaders\Ocean</Filter>
    </FxCompile>
    <FxCompile Include="Resources\Shaders\Ocean\OceanPS.hlsl">
      <Filter>Shaders\Ocean</Filter>
    </FxCompile>
    <FxCompile Include="Resources\Shaders\Ocean\OceanVS.hlsl">
      <Filter>Shaders\Ocean</Filter>
    </FxCompile>
    <FxCompile Include="Resources\Shaders\Ocean\PhaseCS.hlsl">
      <Filter>Shaders\Ocean</Filter>
    </FxCompile>
    <FxCompile Include="Resources\Shaders\Ocean\SpectrumCS.hlsl">
      <Filter>Shaders\Ocean</Filter>
    </FxCompile>
    <FxCompile Include="Resources\Shaders\Particles\BitonicSortStepCS.hlsl">
      <Filter>Shaders\Particles</Filter>
    </FxCompile>
    <FxCompile Include="Resources\Shaders\Particles\InitDeadListCS.hlsl">
      <Filter>Shaders\Particles</Filter>
    </FxCompile>
    <FxCompile Include="Resources\Shaders\Particles\InitSortDispatchArgsCS.hlsl">
      <Filter>Shaders\Particles</Filter>
    </FxCompile>
    <FxCompile Include="Resources\Shaders\Particles\ParticleEmitCS.hlsl">
      <Filter>Shaders\Particles</Filter>
    </FxCompile>
    <FxCompile Include="Resources\Shaders\Particles\ParticlePS.hlsl">
      <Filter>Shaders\Particles</Filter>
    </FxCompile>
    <FxCompile Include="Resources\Shaders\Particles\ParticleResetCS.hlsl">
      <Filter>Shaders\Particles</Filter>
    </FxCompile>
    <FxCompile Include="Resources\Shaders\Particles\ParticleSimulateCS.hlsl">
      <Filter>Shaders\Particles</Filter>
    </FxCompile>
    <FxCompile Include="Resources\Shaders\Particles\ParticleVS.hlsl">
      <Filter>Shaders\Particles</Filter>
    </FxCompile>
    <FxCompile Include="Resources\Shaders\Particles\Sort512CS.hlsl">
      <Filter>Shaders\Particles</Filter>
    </FxCompile>
    <FxCompile Include="Resources\Shaders\Particles\SortInner512CS.hlsl">
      <Filter>Shaders\Particles</Filter>
    </FxCompile>
    <FxCompile Include="Resources\Shaders\Misc\DecalPS.hlsl">
      <Filter>Shaders\Misc</Filter>
    </FxCompile>
    <FxCompile Include="Resources\Shaders\Misc\DecalVS.hlsl">
      <Filter>Shaders\Misc</Filter>
    </FxCompile>
    <FxCompile Include="Resources\Shaders\Misc\PickerCS.hlsl">
      <Filter>Shaders\Misc</Filter>
    </FxCompile>
  </ItemGroup>
  <ItemGroup>
    <None Include="Resources\Shaders\Globals\GlobalsCS.hlsli">
      <Filter>Shaders\Globals</Filter>
    </None>
    <None Include="Resources\Shaders\Globals\GlobalsDS.hlsli">
      <Filter>Shaders\Globals</Filter>
    </None>
    <None Include="Resources\Shaders\Globals\GlobalsGS.hlsli">
      <Filter>Shaders\Globals</Filter>
    </None>
    <None Include="Resources\Shaders\Globals\GlobalsHS.hlsli">
      <Filter>Shaders\Globals</Filter>
    </None>
    <None Include="Resources\Shaders\Globals\GlobalsPS.hlsli">
      <Filter>Shaders\Globals</Filter>
    </None>
    <None Include="Resources\Shaders\Globals\GlobalsVS.hlsli">
      <Filter>Shaders\Globals</Filter>
    </None>
    <None Include="Resources\Shaders\Util\DitherUtil.hlsli">
      <Filter>Shaders\Util</Filter>
    </None>
    <None Include="Resources\Shaders\Util\LightUtil.hlsli">
      <Filter>Shaders\Util</Filter>
    </None>
    <None Include="Resources\Shaders\Util\RootSignatures.hlsli">
      <Filter>Shaders\Util</Filter>
    </None>
    <None Include="Resources\Shaders\Util\ShadowUtil.hlsli">
      <Filter>Shaders\Util</Filter>
    </None>
    <None Include="Resources\Shaders\Util\ToneMapUtil.hlsli">
      <Filter>Shaders\Util</Filter>
    </None>
    <None Include="Resources\Shaders\Util\CBuffers.hlsli">
      <Filter>Shaders\Util</Filter>
    </None>
    <None Include="packages.config" />
    <None Include="Resources\Shaders\Util\RayTracingUtil.hlsli">
      <Filter>Shaders\Util</Filter>
    </None>
    <None Include="Resources\Shaders\Globals\GlobalsRT.hlsli">
      <Filter>Shaders\Globals</Filter>
    </None>
    <None Include="Resources\Shaders\Particles\ParticleGlobals.hlsli">
      <Filter>Shaders\Particles</Filter>
    </None>
  </ItemGroup>
</Project>