<?xml version="1.0" encoding="utf-8"?>
<Project ToolsVersion="4.0" xmlns="http://schemas.microsoft.com/developer/msbuild/2003">
  <ItemGroup>
    <Filter Include="Resource Files">
      <UniqueIdentifier>{67DA6AB6-F800-4c08-8B7A-83BB121AAD01}</UniqueIdentifier>
      <Extensions>rc;ico;cur;bmp;dlg;rc2;rct;bin;rgs;gif;jpg;jpeg;jpe;resx;tiff;tif;png;wav;mfcribbon-ms</Extensions>
    </Filter>
    <Filter Include="Utilities">
      <UniqueIdentifier>{5f5eb8d6-7ace-4da4-9c09-4c0421c6d88e}</UniqueIdentifier>
    </Filter>
    <Filter Include="Logging">
      <UniqueIdentifier>{0267d83e-83de-4015-82c3-053aae4c0283}</UniqueIdentifier>
    </Filter>
    <Filter Include="Events">
      <UniqueIdentifier>{89bbabae-27da-4d3e-9aea-f01a3bf07905}</UniqueIdentifier>
    </Filter>
    <Filter Include="Core">
      <UniqueIdentifier>{1471750e-b525-434b-8cb0-2a8b5be3e67d}</UniqueIdentifier>
    </Filter>
    <Filter Include="Math">
      <UniqueIdentifier>{e4e598df-2661-44af-a313-3e9c0822b7c7}</UniqueIdentifier>
    </Filter>
    <Filter Include="Graphics">
      <UniqueIdentifier>{3f774ea0-48a4-4afe-9e05-31075aa3a5f6}</UniqueIdentifier>
    </Filter>
    <Filter Include="Input">
      <UniqueIdentifier>{c1fcb557-832b-4fe5-aa19-2d97c55617eb}</UniqueIdentifier>
    </Filter>
    <Filter Include="Rendering">
      <UniqueIdentifier>{90f3ecb1-e0b1-41fc-8574-0f3d8d799d4f}</UniqueIdentifier>
    </Filter>
    <Filter Include="Shaders">
      <UniqueIdentifier>{0a9b30a0-b2ef-4b72-b960-2c527af5b0d3}</UniqueIdentifier>
    </Filter>
    <Filter Include="Shaders\Misc">
      <UniqueIdentifier>{5870de78-f0ca-46df-a164-87ccc0682c2d}</UniqueIdentifier>
    </Filter>
    <Filter Include="Shaders\Globals">
      <UniqueIdentifier>{e5e40116-9a4b-4b12-b937-7804121c4def}</UniqueIdentifier>
    </Filter>
    <Filter Include="Shaders\Util">
      <UniqueIdentifier>{e6199006-4c65-4f92-88f6-5de91fd1234b}</UniqueIdentifier>
    </Filter>
    <Filter Include="Shaders\Postprocess">
      <UniqueIdentifier>{1b357409-706a-4957-802d-5a25baa7cbc4}</UniqueIdentifier>
    </Filter>
    <Filter Include="Shaders\Deferred">
      <UniqueIdentifier>{fdab0aff-a14d-47c6-8aff-e5da9f364cb7}</UniqueIdentifier>
    </Filter>
    <Filter Include="Shaders\Shadows">
      <UniqueIdentifier>{bd801d22-e9ef-4ed5-b999-295fe4961b1f}</UniqueIdentifier>
    </Filter>
    <Filter Include="ImGui">
      <UniqueIdentifier>{5f1947cd-69aa-41fd-9f89-0025141372cc}</UniqueIdentifier>
    </Filter>
    <Filter Include="Editor">
      <UniqueIdentifier>{82f8fa3a-c2b4-4cd1-9a90-c46b3a0b1dfb}</UniqueIdentifier>
    </Filter>
    <Filter Include="Shaders\Deferred\IBL">
      <UniqueIdentifier>{216dadbc-ae69-4a54-ae61-1e6776bc1f0c}</UniqueIdentifier>
    </Filter>
    <Filter Include="Tasks">
      <UniqueIdentifier>{6e93feed-a08b-471a-870c-bc433d3c1b4d}</UniqueIdentifier>
    </Filter>
    <Filter Include="RenderGraph">
      <UniqueIdentifier>{ae8ff9af-e5a9-4001-bb0b-49fa7b006160}</UniqueIdentifier>
    </Filter>
    <Filter Include="Rendering\Passes">
      <UniqueIdentifier>{446d9ca2-5cd9-4492-b4d3-0f129c97eb27}</UniqueIdentifier>
    </Filter>
    <Filter Include="Font">
      <UniqueIdentifier>{4bcac2f2-2236-4e3b-8891-7ec43621b7d1}</UniqueIdentifier>
    </Filter>
    <Filter Include="NewShaders">
      <UniqueIdentifier>{1e5e0278-a230-4a83-80fb-55d749bd8fad}</UniqueIdentifier>
    </Filter>
    <Filter Include="NewShaders\Exposure">
      <UniqueIdentifier>{05207fd7-a901-482a-b171-773d2515c224}</UniqueIdentifier>
    </Filter>
    <Filter Include="NewShaders\Other">
      <UniqueIdentifier>{d9d0175a-61a6-406d-bb58-8324f78457ad}</UniqueIdentifier>
    </Filter>
    <Filter Include="NewShaders\RayTracing">
      <UniqueIdentifier>{0de20b01-23d1-4d62-866a-ecfbf857f686}</UniqueIdentifier>
    </Filter>
    <Filter Include="NewShaders\Postprocess">
      <UniqueIdentifier>{04bf1695-6a82-4e87-b105-ba18b81fde09}</UniqueIdentifier>
    </Filter>
    <Filter Include="NewShaders\Lighting">
      <UniqueIdentifier>{eae617e6-2b56-4bf3-8c7b-94a731f182b4}</UniqueIdentifier>
    </Filter>
    <Filter Include="NewShaders\Ocean">
      <UniqueIdentifier>{18ba23cf-78ca-4fd9-a2f4-3ee43a42e85e}</UniqueIdentifier>
    </Filter>
  </ItemGroup>
  <ItemGroup>
    <ClCompile Include="main.cpp" />
    <ClCompile Include="Logging\Logger.cpp">
      <Filter>Logging</Filter>
    </ClCompile>
    <ClCompile Include="Events\EventQueue.cpp">
      <Filter>Events</Filter>
    </ClCompile>
    <ClCompile Include="Core\Engine.cpp">
      <Filter>Core</Filter>
    </ClCompile>
    <ClCompile Include="Core\Window.cpp">
      <Filter>Core</Filter>
    </ClCompile>
    <ClCompile Include="Input\Input.cpp">
      <Filter>Input</Filter>
    </ClCompile>
    <ClCompile Include="Rendering\ModelImporter.cpp">
      <Filter>Rendering</Filter>
    </ClCompile>
    <ClCompile Include="Rendering\Camera.cpp">
      <Filter>Rendering</Filter>
    </ClCompile>
    <ClCompile Include="Graphics\D3D12MemAlloc.cpp">
      <Filter>Graphics</Filter>
    </ClCompile>
    <ClCompile Include="Graphics\DDSTextureLoader12.cpp">
      <Filter>Graphics</Filter>
    </ClCompile>
    <ClCompile Include="Graphics\WICTextureLoader12.cpp">
      <Filter>Graphics</Filter>
    </ClCompile>
    <ClCompile Include="Graphics\DescriptorHeap.cpp">
      <Filter>Graphics</Filter>
    </ClCompile>
    <ClCompile Include="Graphics\LinearOnlineDescriptorAllocator.cpp">
      <Filter>Graphics</Filter>
    </ClCompile>
    <ClCompile Include="Graphics\ShaderCompiler.cpp">
      <Filter>Graphics</Filter>
    </ClCompile>
    <ClCompile Include="Graphics\RingOnlineDescriptorAllocator.cpp">
      <Filter>Graphics</Filter>
    </ClCompile>
    <ClCompile Include="Graphics\TextureManager.cpp">
      <Filter>Graphics</Filter>
    </ClCompile>
    <ClCompile Include="Graphics\LinearDynamicAllocator.cpp">
      <Filter>Graphics</Filter>
    </ClCompile>
    <ClCompile Include="Graphics\RingDynamicAllocator.cpp">
      <Filter>Graphics</Filter>
    </ClCompile>
    <ClCompile Include="Utilities\AdriaException.cpp">
      <Filter>Utilities</Filter>
    </ClCompile>
    <ClCompile Include="..\ThirdParty\ImGui\imgui.cpp">
      <Filter>ImGui</Filter>
    </ClCompile>
    <ClCompile Include="..\ThirdParty\ImGui\imgui_demo.cpp">
      <Filter>ImGui</Filter>
    </ClCompile>
    <ClCompile Include="..\ThirdParty\ImGui\imgui_draw.cpp">
      <Filter>ImGui</Filter>
    </ClCompile>
    <ClCompile Include="..\ThirdParty\ImGui\imgui_impl_dx12.cpp">
      <Filter>ImGui</Filter>
    </ClCompile>
    <ClCompile Include="..\ThirdParty\ImGui\imgui_impl_win32.cpp">
      <Filter>ImGui</Filter>
    </ClCompile>
    <ClCompile Include="..\ThirdParty\ImGui\imgui_tables.cpp">
      <Filter>ImGui</Filter>
    </ClCompile>
    <ClCompile Include="..\ThirdParty\ImGui\imgui_widgets.cpp">
      <Filter>ImGui</Filter>
    </ClCompile>
    <ClCompile Include="Editor\GUI.cpp">
      <Filter>Editor</Filter>
    </ClCompile>
    <ClCompile Include="Editor\Editor.cpp">
      <Filter>Editor</Filter>
    </ClCompile>
    <ClCompile Include="..\ThirdParty\ImGui\ImGuizmo.cpp">
      <Filter>ImGui</Filter>
    </ClCompile>
    <ClCompile Include="Graphics\MipsGenerator.cpp">
      <Filter>Graphics</Filter>
    </ClCompile>
    <ClCompile Include="Graphics\RenderPass.cpp">
      <Filter>Graphics</Filter>
    </ClCompile>
    <ClCompile Include="Graphics\GPUProfiler.cpp">
      <Filter>Graphics</Filter>
    </ClCompile>
    <ClCompile Include="Graphics\GraphicsDeviceDX12.cpp">
      <Filter>Graphics</Filter>
    </ClCompile>
    <ClCompile Include="Utilities\Heightmap.cpp">
      <Filter>Utilities</Filter>
    </ClCompile>
    <ClCompile Include="Rendering\SkyModel.cpp">
      <Filter>Rendering</Filter>
    </ClCompile>
    <ClCompile Include="Utilities\CPUProfiler.cpp">
      <Filter>Utilities</Filter>
    </ClCompile>
    <ClCompile Include="RenderGraph\RenderGraphContext.cpp">
      <Filter>RenderGraph</Filter>
    </ClCompile>
    <ClCompile Include="RenderGraph\RenderGraph.cpp">
      <Filter>RenderGraph</Filter>
    </ClCompile>
    <ClCompile Include="Rendering\Renderer.cpp">
      <Filter>Rendering</Filter>
    </ClCompile>
    <ClCompile Include="RenderGraph\RenderGraphBuilder.cpp">
      <Filter>RenderGraph</Filter>
    </ClCompile>
    <ClCompile Include="Rendering\GBufferPass.cpp">
      <Filter>Rendering\Passes</Filter>
    </ClCompile>
    <ClCompile Include="Rendering\AmbientPass.cpp">
      <Filter>Rendering\Passes</Filter>
    </ClCompile>
    <ClCompile Include="Rendering\ToneMapPass.cpp">
      <Filter>Rendering\Passes</Filter>
    </ClCompile>
    <ClCompile Include="Rendering\SkyPass.cpp">
      <Filter>Rendering\Passes</Filter>
    </ClCompile>
    <ClCompile Include="Rendering\LightingPass.cpp">
      <Filter>Rendering\Passes</Filter>
    </ClCompile>
    <ClCompile Include="Rendering\ShadowPass.cpp">
      <Filter>Rendering\Passes</Filter>
    </ClCompile>
    <ClCompile Include="Rendering\BlurPass.cpp">
      <Filter>Rendering\Passes</Filter>
    </ClCompile>
    <ClCompile Include="Rendering\CopyToTexturePass.cpp">
      <Filter>Rendering\Passes</Filter>
    </ClCompile>
    <ClCompile Include="Rendering\TiledLightingPass.cpp">
      <Filter>Rendering\Passes</Filter>
    </ClCompile>
    <ClCompile Include="Rendering\FXAAPass.cpp">
      <Filter>Rendering\Passes</Filter>
    </ClCompile>
    <ClCompile Include="Rendering\AddTexturesPass.cpp">
      <Filter>Rendering\Passes</Filter>
    </ClCompile>
    <ClCompile Include="Rendering\GenerateMipsPass.cpp">
      <Filter>Rendering\Passes</Filter>
    </ClCompile>
    <ClCompile Include="Rendering\Postprocessor.cpp">
      <Filter>Rendering</Filter>
    </ClCompile>
    <ClCompile Include="Rendering\ClusteredLightingPass.cpp">
      <Filter>Rendering\Passes</Filter>
    </ClCompile>
    <ClCompile Include="Rendering\SSAOPass.cpp">
      <Filter>Rendering\Passes</Filter>
    </ClCompile>
    <ClCompile Include="Rendering\HBAOPass.cpp">
      <Filter>Rendering\Passes</Filter>
    </ClCompile>
    <ClCompile Include="Rendering\PickingPass.cpp">
      <Filter>Rendering\Passes</Filter>
    </ClCompile>
    <ClCompile Include="Rendering\DecalsPass.cpp">
      <Filter>Rendering\Passes</Filter>
    </ClCompile>
    <ClCompile Include="Rendering\OceanRenderer.cpp">
      <Filter>Rendering</Filter>
    </ClCompile>
    <ClCompile Include="Rendering\RayTracer.cpp">
      <Filter>Rendering</Filter>
    </ClCompile>
    <ClCompile Include="Rendering\RootSignatureCache.cpp">
      <Filter>Rendering</Filter>
    </ClCompile>
    <ClCompile Include="Rendering\ShaderCache.cpp">
      <Filter>Rendering</Filter>
    </ClCompile>
    <ClCompile Include="Rendering\PSOCache.cpp">
      <Filter>Rendering</Filter>
    </ClCompile>
    <ClCompile Include="Graphics\GraphicsStates.cpp">
      <Filter>Graphics</Filter>
    </ClCompile>
    <ClCompile Include="Rendering\PipelineState.cpp">
      <Filter>Rendering</Filter>
    </ClCompile>
    <ClCompile Include="Rendering\AABBPass.cpp">
      <Filter>Rendering\Passes</Filter>
    </ClCompile>
    <ClCompile Include="Rendering\AutomaticExposurePass.cpp">
      <Filter>Rendering\Passes</Filter>
    </ClCompile>
    <ClCompile Include="Editor\GUICommand.cpp">
      <Filter>Editor</Filter>
    </ClCompile>
    <ClCompile Include="Rendering\LensFlarePass.cpp">
      <Filter>Rendering\Passes</Filter>
    </ClCompile>
    <ClCompile Include="Rendering\VolumetricCloudsPass.cpp">
      <Filter>Rendering\Passes</Filter>
    </ClCompile>
    <ClCompile Include="Rendering\SSRPass.cpp">
      <Filter>Rendering\Passes</Filter>
    </ClCompile>
    <ClCompile Include="Rendering\FogPass.cpp">
      <Filter>Rendering\Passes</Filter>
    </ClCompile>
    <ClCompile Include="Rendering\DepthOfFieldPass.cpp">
      <Filter>Rendering\Passes</Filter>
    </ClCompile>
    <ClCompile Include="Rendering\BloomPass.cpp">
      <Filter>Rendering\Passes</Filter>
    </ClCompile>
    <ClCompile Include="Rendering\MotionVectorsPass.cpp">
      <Filter>Rendering\Passes</Filter>
    </ClCompile>
    <ClCompile Include="Rendering\GodRaysPass.cpp">
      <Filter>Rendering\Passes</Filter>
    </ClCompile>
    <ClCompile Include="Rendering\BokehPass.cpp">
      <Filter>Rendering\Passes</Filter>
    </ClCompile>
    <ClCompile Include="Rendering\MotionBlurPass.cpp">
      <Filter>Rendering\Passes</Filter>
    </ClCompile>
    <ClCompile Include="Rendering\TAAPass.cpp">
      <Filter>Rendering\Passes</Filter>
    </ClCompile>
    <ClCompile Include="Math\Packing.cpp">
      <Filter>Math</Filter>
    </ClCompile>
  </ItemGroup>
  <ItemGroup>
    <ClInclude Include="Utilities\RingBuffer.h">
      <Filter>Utilities</Filter>
    </ClInclude>
    <ClInclude Include="Utilities\ConcurrentQueue.h">
      <Filter>Utilities</Filter>
    </ClInclude>
    <ClInclude Include="Utilities\HashUtil.h">
      <Filter>Utilities</Filter>
    </ClInclude>
    <ClInclude Include="Utilities\ObjectPool.h">
      <Filter>Utilities</Filter>
    </ClInclude>
    <ClInclude Include="Utilities\Random.h">
      <Filter>Utilities</Filter>
    </ClInclude>
    <ClInclude Include="Utilities\StringUtil.h">
      <Filter>Utilities</Filter>
    </ClInclude>
    <ClInclude Include="Utilities\TemplatesUtil.h">
      <Filter>Utilities</Filter>
    </ClInclude>
    <ClInclude Include="Logging\Logger.h">
      <Filter>Logging</Filter>
    </ClInclude>
    <ClInclude Include="Events\EventQueue.h">
      <Filter>Events</Filter>
    </ClInclude>
    <ClInclude Include="Events\IEvent.h">
      <Filter>Events</Filter>
    </ClInclude>
    <ClInclude Include="Core\Definitions.h">
      <Filter>Core</Filter>
    </ClInclude>
    <ClInclude Include="Core\Window.h">
      <Filter>Core</Filter>
    </ClInclude>
    <ClInclude Include="Utilities\MemoryDebugger.h">
      <Filter>Utilities</Filter>
    </ClInclude>
    <ClInclude Include="Core\Engine.h">
      <Filter>Core</Filter>
    </ClInclude>
    <ClInclude Include="Math\Constants.h">
      <Filter>Math</Filter>
    </ClInclude>
    <ClInclude Include="Input\Input.h">
      <Filter>Input</Filter>
    </ClInclude>
    <ClInclude Include="Core\Macros.h">
      <Filter>Core</Filter>
    </ClInclude>
    <ClInclude Include="resource.h">
      <Filter>Resource Files</Filter>
    </ClInclude>
    <ClInclude Include="Core\Windows.h">
      <Filter>Core</Filter>
    </ClInclude>
    <ClInclude Include="Utilities\Image.h">
      <Filter>Utilities</Filter>
    </ClInclude>
    <ClInclude Include="Math\BoundingVolumeHelpers.h">
      <Filter>Math</Filter>
    </ClInclude>
    <ClInclude Include="Rendering\Components.h">
      <Filter>Rendering</Filter>
    </ClInclude>
    <ClInclude Include="Rendering\ConstantBuffers.h">
      <Filter>Rendering</Filter>
    </ClInclude>
    <ClInclude Include="Rendering\Enums.h">
      <Filter>Rendering</Filter>
    </ClInclude>
    <ClInclude Include="Rendering\ModelImporter.h">
      <Filter>Rendering</Filter>
    </ClInclude>
    <ClInclude Include="Rendering\Camera.h">
      <Filter>Rendering</Filter>
    </ClInclude>
    <ClInclude Include="Graphics\D3D12MemAlloc.h">
      <Filter>Graphics</Filter>
    </ClInclude>
    <ClInclude Include="Graphics\d3dx12.h">
      <Filter>Graphics</Filter>
    </ClInclude>
    <ClInclude Include="Graphics\DDSTextureLoader12.h">
      <Filter>Graphics</Filter>
    </ClInclude>
    <ClInclude Include="Graphics\WICTextureLoader12.h">
      <Filter>Graphics</Filter>
    </ClInclude>
    <ClInclude Include="Graphics\LinearOnlineDescriptorAllocator.h">
      <Filter>Graphics</Filter>
    </ClInclude>
    <ClInclude Include="Graphics\DescriptorHeap.h">
      <Filter>Graphics</Filter>
    </ClInclude>
    <ClInclude Include="Graphics\ShaderCompiler.h">
      <Filter>Graphics</Filter>
    </ClInclude>
    <ClInclude Include="Graphics\VertexTypes.h">
      <Filter>Graphics</Filter>
    </ClInclude>
    <ClInclude Include="Graphics\RingDynamicAllocator.h">
      <Filter>Graphics</Filter>
    </ClInclude>
    <ClInclude Include="Graphics\RingOnlineDescriptorAllocator.h">
      <Filter>Graphics</Filter>
    </ClInclude>
    <ClInclude Include="Utilities\RingAllocator.h">
      <Filter>Utilities</Filter>
    </ClInclude>
    <ClInclude Include="Utilities\LinearAllocator.h">
      <Filter>Utilities</Filter>
    </ClInclude>
    <ClInclude Include="Utilities\AllocatorUtil.h">
      <Filter>Utilities</Filter>
    </ClInclude>
    <ClInclude Include="Graphics\ConstantBuffer.h">
      <Filter>Graphics</Filter>
    </ClInclude>
    <ClInclude Include="Graphics\TextureManager.h">
      <Filter>Graphics</Filter>
    </ClInclude>
    <ClInclude Include="Graphics\DWParam.h">
      <Filter>Graphics</Filter>
    </ClInclude>
    <ClInclude Include="Graphics\MipsGenerator.h">
      <Filter>Graphics</Filter>
    </ClInclude>
    <ClInclude Include="Graphics\ResourceBarrierBatch.h">
      <Filter>Graphics</Filter>
    </ClInclude>
    <ClInclude Include="Graphics\Releasable.h">
      <Filter>Graphics</Filter>
    </ClInclude>
    <ClInclude Include="Graphics\RenderPass.h">
      <Filter>Graphics</Filter>
    </ClInclude>
    <ClInclude Include="Graphics\DynamicAllocation.h">
      <Filter>Graphics</Filter>
    </ClInclude>
    <ClInclude Include="Graphics\LinearDynamicAllocator.h">
      <Filter>Graphics</Filter>
    </ClInclude>
    <ClInclude Include="Utilities\AdriaException.h">
      <Filter>Utilities</Filter>
    </ClInclude>
    <ClInclude Include="..\ThirdParty\ImGui\imconfig.h">
      <Filter>ImGui</Filter>
    </ClInclude>
    <ClInclude Include="..\ThirdParty\ImGui\imgui.h">
      <Filter>ImGui</Filter>
    </ClInclude>
    <ClInclude Include="..\ThirdParty\ImGui\imgui_impl_dx12.h">
      <Filter>ImGui</Filter>
    </ClInclude>
    <ClInclude Include="..\ThirdParty\ImGui\imgui_impl_win32.h">
      <Filter>ImGui</Filter>
    </ClInclude>
    <ClInclude Include="..\ThirdParty\ImGui\imgui_internal.h">
      <Filter>ImGui</Filter>
    </ClInclude>
    <ClInclude Include="..\ThirdParty\ImGui\imstb_rectpack.h">
      <Filter>ImGui</Filter>
    </ClInclude>
    <ClInclude Include="..\ThirdParty\ImGui\imstb_textedit.h">
      <Filter>ImGui</Filter>
    </ClInclude>
    <ClInclude Include="..\ThirdParty\ImGui\imstb_truetype.h">
      <Filter>ImGui</Filter>
    </ClInclude>
    <ClInclude Include="Editor\GUI.h">
      <Filter>Editor</Filter>
    </ClInclude>
    <ClInclude Include="Rendering\RendererSettings.h">
      <Filter>Rendering</Filter>
    </ClInclude>
    <ClInclude Include="Editor\Editor.h">
      <Filter>Editor</Filter>
    </ClInclude>
    <ClInclude Include="Utilities\FilesUtil.h">
      <Filter>Utilities</Filter>
    </ClInclude>
    <ClInclude Include="..\ThirdParty\ImGui\ImGuizmo.h">
      <Filter>ImGui</Filter>
    </ClInclude>
    <ClInclude Include="Utilities\Timer.h">
      <Filter>Utilities</Filter>
    </ClInclude>
    <ClInclude Include="Graphics\RayTracingUtil.h">
      <Filter>Graphics</Filter>
    </ClInclude>
    <ClInclude Include="Graphics\GPUProfiler.h">
      <Filter>Graphics</Filter>
    </ClInclude>
    <ClInclude Include="Utilities\EnumUtil.h">
      <Filter>Utilities</Filter>
    </ClInclude>
    <ClInclude Include="Math\ComputeTangentFrame.h">
      <Filter>Math</Filter>
    </ClInclude>
    <ClInclude Include="Graphics\GraphicsDeviceDX12.h">
      <Filter>Graphics</Filter>
    </ClInclude>
    <ClInclude Include="Tasks\Task.h">
      <Filter>Tasks</Filter>
    </ClInclude>
    <ClInclude Include="Tasks\TaskManager.h">
      <Filter>Tasks</Filter>
    </ClInclude>
    <ClInclude Include="Tasks\TaskSystem.h">
      <Filter>Tasks</Filter>
    </ClInclude>
    <ClInclude Include="Tasks\ThreadPool.h">
      <Filter>Tasks</Filter>
    </ClInclude>
    <ClInclude Include="Utilities\Heightmap.h">
      <Filter>Utilities</Filter>
    </ClInclude>
    <ClInclude Include="Utilities\HosekDataRGB.h">
      <Filter>Utilities</Filter>
    </ClInclude>
    <ClInclude Include="Math\ComputeNormals.h">
      <Filter>Math</Filter>
    </ClInclude>
    <ClInclude Include="Rendering\SkyModel.h">
      <Filter>Rendering</Filter>
    </ClInclude>
    <ClInclude Include="Utilities\JsonUtil.h">
      <Filter>Utilities</Filter>
    </ClInclude>
    <ClInclude Include="Rendering\PipelineState.h">
      <Filter>Rendering</Filter>
    </ClInclude>
    <ClInclude Include="Utilities\CPUProfiler.h">
      <Filter>Utilities</Filter>
    </ClInclude>
    <ClInclude Include="Events\Delegate.h">
      <Filter>Events</Filter>
    </ClInclude>
    <ClInclude Include="RenderGraph\RenderGraph.h">
      <Filter>RenderGraph</Filter>
    </ClInclude>
    <ClInclude Include="RenderGraph\RenderGraphPass.h">
      <Filter>RenderGraph</Filter>
    </ClInclude>
    <ClInclude Include="RenderGraph\RenderGraphBlackboard.h">
      <Filter>RenderGraph</Filter>
    </ClInclude>
    <ClInclude Include="RenderGraph\RenderGraphContext.h">
      <Filter>RenderGraph</Filter>
    </ClInclude>
    <ClInclude Include="Graphics\Buffer.h">
      <Filter>Graphics</Filter>
    </ClInclude>
    <ClInclude Include="Graphics\Texture.h">
      <Filter>Graphics</Filter>
    </ClInclude>
    <ClInclude Include="Graphics\ResourceCommon.h">
      <Filter>Graphics</Filter>
    </ClInclude>
    <ClInclude Include="Graphics\OfflineDescriptorAllocator.h">
      <Filter>Graphics</Filter>
    </ClInclude>
    <ClInclude Include="RenderGraph\RenderGraphResourcePool.h">
      <Filter>RenderGraph</Filter>
    </ClInclude>
    <ClInclude Include="Rendering\BlackboardData.h">
      <Filter>Rendering</Filter>
    </ClInclude>
    <ClInclude Include="RenderGraph\RenderGraphResourceName.h">
      <Filter>RenderGraph</Filter>
    </ClInclude>
    <ClInclude Include="RenderGraph\RenderGraphBuilder.h">
      <Filter>RenderGraph</Filter>
    </ClInclude>
    <ClInclude Include="RenderGraph\RenderGraphResourceId.h">
      <Filter>RenderGraph</Filter>
    </ClInclude>
    <ClInclude Include="Rendering\GBufferPass.h">
      <Filter>Rendering\Passes</Filter>
    </ClInclude>
    <ClInclude Include="Rendering\AmbientPass.h">
      <Filter>Rendering\Passes</Filter>
    </ClInclude>
    <ClInclude Include="Rendering\ToneMapPass.h">
      <Filter>Rendering\Passes</Filter>
    </ClInclude>
    <ClInclude Include="Rendering\ViewportData.h">
      <Filter>Rendering</Filter>
    </ClInclude>
    <ClInclude Include="Rendering\SkyPass.h">
      <Filter>Rendering\Passes</Filter>
    </ClInclude>
    <ClInclude Include="Rendering\LightingPass.h">
      <Filter>Rendering\Passes</Filter>
    </ClInclude>
    <ClInclude Include="Rendering\ShadowPass.h">
      <Filter>Rendering\Passes</Filter>
    </ClInclude>
    <ClInclude Include="Rendering\TiledLightingPass.h">
      <Filter>Rendering\Passes</Filter>
    </ClInclude>
    <ClInclude Include="Rendering\CopyToTexturePass.h">
      <Filter>Rendering\Passes</Filter>
    </ClInclude>
    <ClInclude Include="Rendering\Postprocessor.h">
      <Filter>Rendering</Filter>
    </ClInclude>
    <ClInclude Include="Rendering\BlurPass.h">
      <Filter>Rendering\Passes</Filter>
    </ClInclude>
    <ClInclude Include="Rendering\FXAAPass.h">
      <Filter>Rendering\Passes</Filter>
    </ClInclude>
    <ClInclude Include="Rendering\AddTexturesPass.h">
      <Filter>Rendering\Passes</Filter>
    </ClInclude>
    <ClInclude Include="Rendering\GenerateMipsPass.h">
      <Filter>Rendering\Passes</Filter>
    </ClInclude>
    <ClInclude Include="Rendering\ClusteredLightingPass.h">
      <Filter>Rendering\Passes</Filter>
    </ClInclude>
    <ClInclude Include="Utilities\HashMap.h">
      <Filter>Utilities</Filter>
    </ClInclude>
    <ClInclude Include="Utilities\HashSet.h">
      <Filter>Utilities</Filter>
    </ClInclude>
    <ClInclude Include="Rendering\SSAOPass.h">
      <Filter>Rendering\Passes</Filter>
    </ClInclude>
    <ClInclude Include="Rendering\HBAOPass.h">
      <Filter>Rendering\Passes</Filter>
    </ClInclude>
    <ClInclude Include="Rendering\PickingPass.h">
      <Filter>Rendering\Passes</Filter>
    </ClInclude>
    <ClInclude Include="Rendering\DecalsPass.h">
      <Filter>Rendering\Passes</Filter>
    </ClInclude>
    <ClInclude Include="Rendering\OceanRenderer.h">
      <Filter>Rendering</Filter>
    </ClInclude>
    <ClInclude Include="Editor\EditorEvents.h">
      <Filter>Editor</Filter>
    </ClInclude>
    <ClInclude Include="Rendering\RayTracer.h">
      <Filter>Rendering</Filter>
    </ClInclude>
    <ClInclude Include="Rendering\AccelerationStructure.h">
      <Filter>Rendering</Filter>
    </ClInclude>
    <ClInclude Include="Rendering\Renderer.h">
      <Filter>Rendering</Filter>
    </ClInclude>
    <ClInclude Include="Utilities\FileWatcher.h">
      <Filter>Utilities</Filter>
    </ClInclude>
    <ClInclude Include="Rendering\ShaderCache.h">
      <Filter>Rendering</Filter>
    </ClInclude>
    <ClInclude Include="Rendering\RootSignatureCache.h">
      <Filter>Rendering</Filter>
    </ClInclude>
    <ClInclude Include="Graphics\Shader.h">
      <Filter>Graphics</Filter>
    </ClInclude>
    <ClInclude Include="Rendering\PSOCache.h">
      <Filter>Rendering</Filter>
    </ClInclude>
    <ClInclude Include="Graphics\GraphicsStates.h">
      <Filter>Graphics</Filter>
    </ClInclude>
    <ClInclude Include="Rendering\AABBPass.h">
      <Filter>Rendering\Passes</Filter>
    </ClInclude>
    <ClInclude Include="Utilities\CLIParser.h">
      <Filter>Utilities</Filter>
    </ClInclude>
    <ClInclude Include="Rendering\AutomaticExposurePass.h">
      <Filter>Rendering\Passes</Filter>
    </ClInclude>
    <ClInclude Include="Editor\GUICommand.h">
      <Filter>Editor</Filter>
    </ClInclude>
    <ClInclude Include="Rendering\LensFlarePass.h">
      <Filter>Rendering\Passes</Filter>
    </ClInclude>
    <ClInclude Include="Rendering\VolumetricCloudsPass.h">
      <Filter>Rendering\Passes</Filter>
    </ClInclude>
    <ClInclude Include="Rendering\SSRPass.h">
      <Filter>Rendering\Passes</Filter>
    </ClInclude>
    <ClInclude Include="Rendering\FogPass.h">
      <Filter>Rendering\Passes</Filter>
    </ClInclude>
    <ClInclude Include="Rendering\DepthOfFieldPass.h">
      <Filter>Rendering\Passes</Filter>
    </ClInclude>
    <ClInclude Include="Rendering\BloomPass.h">
      <Filter>Rendering\Passes</Filter>
    </ClInclude>
    <ClInclude Include="Utilities\hwbp.h">
      <Filter>Utilities</Filter>
    </ClInclude>
    <ClInclude Include="Rendering\MotionVectorsPass.h">
      <Filter>Rendering\Passes</Filter>
    </ClInclude>
    <ClInclude Include="Rendering\MotionBlurPass.h">
      <Filter>Rendering\Passes</Filter>
    </ClInclude>
    <ClInclude Include="Rendering\TAAPass.h">
      <Filter>Rendering\Passes</Filter>
    </ClInclude>
    <ClInclude Include="Rendering\GodRaysPass.h">
      <Filter>Rendering\Passes</Filter>
    </ClInclude>
    <ClInclude Include="Rendering\BokehPass.h">
      <Filter>Rendering\Passes</Filter>
    </ClInclude>
    <ClInclude Include="..\ThirdParty\FontAwesome\IconsFontAwesome4.h">
      <Filter>Font</Filter>
    </ClInclude>
    <ClInclude Include="Graphics\CommandSignature.h">
      <Filter>Graphics</Filter>
    </ClInclude>
    <ClInclude Include="Graphics\InputLayout.h">
      <Filter>Graphics</Filter>
    </ClInclude>
    <ClInclude Include="Math\Packing.h">
      <Filter>Math</Filter>
    </ClInclude>
    <ClInclude Include="Graphics\GpuMacros.h">
      <Filter>Graphics</Filter>
    </ClInclude>
  </ItemGroup>
  <ItemGroup>
    <ResourceCompile Include="Adria.rc">
      <Filter>Resource Files</Filter>
    </ResourceCompile>
  </ItemGroup>
  <ItemGroup>
    <Image Include="Resources\Icons\adria_logo.ico">
      <Filter>Resource Files</Filter>
    </Image>
  </ItemGroup>
  <ItemGroup>
    <FxCompile Include="Resources\Shaders\Misc\GenerateMipsCS.hlsl">
      <Filter>Shaders\Misc</Filter>
    </FxCompile>
    <FxCompile Include="Resources\Shaders\Deferred\LightingPBR_PS.hlsl">
      <Filter>Shaders\Deferred</Filter>
    </FxCompile>
    <FxCompile Include="Resources\Shaders\Shadows\DepthMapPS.hlsl">
      <Filter>Shaders\Shadows</Filter>
    </FxCompile>
    <FxCompile Include="Resources\Shaders\Shadows\DepthMapVS.hlsl">
      <Filter>Shaders\Shadows</Filter>
    </FxCompile>
    <FxCompile Include="Resources\Shaders\PostProcess\VolumetricLightDirectionalCascadesPS.hlsl">
      <Filter>Shaders\Postprocess</Filter>
    </FxCompile>
    <FxCompile Include="Resources\Shaders\PostProcess\VolumetricLightDirectionalPS.hlsl">
      <Filter>Shaders\Postprocess</Filter>
    </FxCompile>
    <FxCompile Include="Resources\Shaders\PostProcess\VolumetricLightPointPS.hlsl">
      <Filter>Shaders\Postprocess</Filter>
    </FxCompile>
    <FxCompile Include="Resources\Shaders\PostProcess\VolumetricLightSpotPS.hlsl">
      <Filter>Shaders\Postprocess</Filter>
    </FxCompile>
    <FxCompile Include="Resources\Shaders\Deferred\TiledLightingCS.hlsl">
      <Filter>Shaders\Deferred</Filter>
    </FxCompile>
    <FxCompile Include="Resources\Shaders\Deferred\ClusterBuildingCS.hlsl">
      <Filter>Shaders\Deferred</Filter>
    </FxCompile>
    <FxCompile Include="Resources\Shaders\Deferred\ClusterCullingCS.hlsl">
      <Filter>Shaders\Deferred</Filter>
    </FxCompile>
    <FxCompile Include="Resources\Shaders\Deferred\ClusterLightingPBR_PS.hlsl">
      <Filter>Shaders\Deferred</Filter>
    </FxCompile>
    <FxCompile Include="Resources\Shaders\PostProcess\TAA_PS.hlsl">
      <Filter>Shaders\Postprocess</Filter>
    </FxCompile>
    <FxCompile Include="Resources\Shaders\Deferred\SpmapCS.hlsl">
      <Filter>Shaders\Deferred\IBL</Filter>
    </FxCompile>
    <FxCompile Include="Resources\Shaders\Deferred\SpbrdfCS.hlsl">
      <Filter>Shaders\Deferred\IBL</Filter>
    </FxCompile>
    <FxCompile Include="Resources\Shaders\Deferred\Equirect2cubeCS.hlsl">
      <Filter>Shaders\Deferred\IBL</Filter>
    </FxCompile>
    <FxCompile Include="Resources\Shaders\Deferred\IrmapCS.hlsl">
      <Filter>Shaders\Deferred\IBL</Filter>
    </FxCompile>
    <FxCompile Include="Resources\NewShaders\Exposure\BuildHistogram.hlsl">
      <Filter>NewShaders\Exposure</Filter>
    </FxCompile>
    <FxCompile Include="Resources\NewShaders\Exposure\HistogramReduction.hlsl">
      <Filter>NewShaders\Exposure</Filter>
    </FxCompile>
    <FxCompile Include="Resources\NewShaders\Exposure\Exposure.hlsl">
      <Filter>NewShaders\Exposure</Filter>
    </FxCompile>
    <FxCompile Include="Resources\NewShaders\RayTracing\RayTracedReflections.hlsl">
      <Filter>NewShaders\RayTracing</Filter>
    </FxCompile>
    <FxCompile Include="Resources\NewShaders\RayTracing\RayTracedAmbientOcclusion.hlsl">
      <Filter>NewShaders\RayTracing</Filter>
    </FxCompile>
    <FxCompile Include="Resources\NewShaders\RayTracing\RayTracedShadows.hlsl">
      <Filter>NewShaders\RayTracing</Filter>
    </FxCompile>
    <FxCompile Include="Resources\NewShaders\Postprocess\SSAO.hlsl">
      <Filter>NewShaders\Postprocess</Filter>
    </FxCompile>
    <FxCompile Include="Resources\NewShaders\Postprocess\HBAO.hlsl">
      <Filter>NewShaders\Postprocess</Filter>
    </FxCompile>
    <FxCompile Include="Resources\NewShaders\Postprocess\SSR.hlsl">
      <Filter>NewShaders\Postprocess</Filter>
    </FxCompile>
    <FxCompile Include="Resources\NewShaders\Postprocess\Fog.hlsl">
      <Filter>NewShaders\Postprocess</Filter>
    </FxCompile>
    <FxCompile Include="Resources\NewShaders\Postprocess\Tonemap.hlsl">
      <Filter>NewShaders\Postprocess</Filter>
    </FxCompile>
    <FxCompile Include="Resources\NewShaders\Postprocess\MotionVectors.hlsl">
      <Filter>NewShaders\Postprocess</Filter>
    </FxCompile>
    <FxCompile Include="Resources\NewShaders\Postprocess\DepthOfField.hlsl">
      <Filter>NewShaders\Postprocess</Filter>
    </FxCompile>
    <FxCompile Include="Resources\NewShaders\Postprocess\MotionBlur.hlsl">
      <Filter>NewShaders\Postprocess</Filter>
    </FxCompile>
    <FxCompile Include="Resources\NewShaders\Postprocess\FXAA.hlsl">
      <Filter>NewShaders\Postprocess</Filter>
    </FxCompile>
    <FxCompile Include="Resources\NewShaders\Postprocess\GodRays.hlsl">
      <Filter>NewShaders\Postprocess</Filter>
    </FxCompile>
    <FxCompile Include="Resources\NewShaders\Lighting\Ambient.hlsl">
      <Filter>NewShaders\Lighting</Filter>
    </FxCompile>
    <FxCompile Include="Resources\NewShaders\Lighting\GBuffer.hlsl">
      <Filter>NewShaders\Lighting</Filter>
    </FxCompile>
    <FxCompile Include="Resources\NewShaders\Postprocess\LensFlare.hlsl">
      <Filter>NewShaders\Postprocess</Filter>
    </FxCompile>
    <FxCompile Include="Resources\NewShaders\Postprocess\BokehGeneration.hlsl">
      <Filter>NewShaders\Postprocess</Filter>
    </FxCompile>
    <FxCompile Include="Resources\NewShaders\Postprocess\Bloom.hlsl">
      <Filter>NewShaders\Postprocess</Filter>
    </FxCompile>
    <FxCompile Include="Resources\NewShaders\Postprocess\Bokeh.hlsl">
      <Filter>NewShaders\Postprocess</Filter>
    </FxCompile>
    <FxCompile Include="Resources\NewShaders\Postprocess\Blur.hlsl">
      <Filter>NewShaders\Postprocess</Filter>
    </FxCompile>
    <FxCompile Include="Resources\NewShaders\Other\Picking.hlsl">
      <Filter>NewShaders\Other</Filter>
    </FxCompile>
    <FxCompile Include="Resources\NewShaders\Ocean\OceanLOD.hlsl">
      <Filter>NewShaders\Ocean</Filter>
    </FxCompile>
    <FxCompile Include="Resources\NewShaders\Ocean\Ocean.hlsl">
      <Filter>NewShaders\Ocean</Filter>
    </FxCompile>
    <FxCompile Include="Resources\NewShaders\Ocean\FFT.hlsl">
      <Filter>NewShaders\Ocean</Filter>
    </FxCompile>
    <FxCompile Include="Resources\NewShaders\Ocean\InitialSpectrum.hlsl">
      <Filter>NewShaders\Ocean</Filter>
    </FxCompile>
    <FxCompile Include="Resources\NewShaders\Ocean\Spectrum.hlsl">
      <Filter>NewShaders\Ocean</Filter>
    </FxCompile>
    <FxCompile Include="Resources\NewShaders\Ocean\Phase.hlsl">
      <Filter>NewShaders\Ocean</Filter>
    </FxCompile>
    <FxCompile Include="Resources\NewShaders\Ocean\OceanNormals.hlsl">
      <Filter>NewShaders\Ocean</Filter>
    </FxCompile>
    <FxCompile Include="Resources\NewShaders\Other\FullscreenQuad.hlsl">
      <Filter>NewShaders\Other</Filter>
    </FxCompile>
    <FxCompile Include="Resources\NewShaders\Other\AddTextures.hlsl">
      <Filter>NewShaders\Other</Filter>
    </FxCompile>
    <FxCompile Include="Resources\NewShaders\Other\CopyTexture.hlsl">
      <Filter>NewShaders\Other</Filter>
    </FxCompile>
    <FxCompile Include="Resources\NewShaders\Other\Sky.hlsl">
      <Filter>NewShaders\Other</Filter>
    </FxCompile>
    <FxCompile Include="Resources\NewShaders\Other\Simple.hlsl">
      <Filter>NewShaders\Other</Filter>
    </FxCompile>
    <FxCompile Include="Resources\NewShaders\Other\Decals.hlsl">
      <Filter>NewShaders\Other</Filter>
    </FxCompile>
  </ItemGroup>
  <ItemGroup>
    <None Include="Resources\Shaders\Globals\GlobalsCS.hlsli">
      <Filter>Shaders\Globals</Filter>
    </None>
    <None Include="Resources\Shaders\Globals\GlobalsPS.hlsli">
      <Filter>Shaders\Globals</Filter>
    </None>
    <None Include="Resources\Shaders\Globals\GlobalsVS.hlsli">
      <Filter>Shaders\Globals</Filter>
    </None>
    <None Include="Resources\Shaders\Util\LightUtil.hlsli">
      <Filter>Shaders\Util</Filter>
    </None>
    <None Include="Resources\Shaders\Util\RootSignatures.hlsli">
      <Filter>Shaders\Util</Filter>
    </None>
    <None Include="Resources\Shaders\Util\ShadowUtil.hlsli">
      <Filter>Shaders\Util</Filter>
    </None>
    <None Include="Resources\Shaders\Util\CBuffers.hlsli">
      <Filter>Shaders\Util</Filter>
    </None>
    <None Include="scene.json" />
    <None Include="packages.config" />
    <None Include="Resources\NewShaders\Exposure\ExposureUtil.hlsli">
      <Filter>NewShaders\Exposure</Filter>
    </None>
    <None Include="Resources\NewShaders\Common.hlsli">
      <Filter>NewShaders</Filter>
    </None>
    <None Include="Resources\NewShaders\CommonResources.hlsli">
      <Filter>NewShaders</Filter>
    </None>
    <None Include="..\README.md" />
    <None Include="Resources\NewShaders\RayTracing\RayTracingUtil.hlsli">
      <Filter>NewShaders\RayTracing</Filter>
    </None>
    <None Include="Resources\NewShaders\Random.hlsli">
      <Filter>NewShaders</Filter>
    </None>
    <None Include="Resources\NewShaders\Tonemapping.hlsli">
      <Filter>NewShaders</Filter>
    </None>
    <None Include="Resources\NewShaders\Lighting.hlsli">
      <Filter>NewShaders</Filter>
    </None>
    <None Include="Resources\NewShaders\Constants.hlsli">
      <Filter>NewShaders</Filter>
    </None>
    <None Include="Resources\NewShaders\Packing.hlsli">
      <Filter>NewShaders</Filter>
    </None>
  </ItemGroup>
</Project>