<?xml version="1.0" encoding="utf-8"?>
<Project ToolsVersion="4.0" xmlns="http://schemas.microsoft.com/developer/msbuild/2003">
  <ItemGroup>
    <Filter Include="Resource Files">
      <UniqueIdentifier>{67DA6AB6-F800-4c08-8B7A-83BB121AAD01}</UniqueIdentifier>
      <Extensions>rc;ico;cur;bmp;dlg;rc2;rct;bin;rgs;gif;jpg;jpeg;jpe;resx;tiff;tif;png;wav;mfcribbon-ms</Extensions>
    </Filter>
    <Filter Include="Utilities">
      <UniqueIdentifier>{5f5eb8d6-7ace-4da4-9c09-4c0421c6d88e}</UniqueIdentifier>
    </Filter>
    <Filter Include="Logging">
      <UniqueIdentifier>{0267d83e-83de-4015-82c3-053aae4c0283}</UniqueIdentifier>
    </Filter>
    <Filter Include="Core">
      <UniqueIdentifier>{1471750e-b525-434b-8cb0-2a8b5be3e67d}</UniqueIdentifier>
    </Filter>
    <Filter Include="Math">
      <UniqueIdentifier>{e4e598df-2661-44af-a313-3e9c0822b7c7}</UniqueIdentifier>
    </Filter>
    <Filter Include="Graphics">
      <UniqueIdentifier>{3f774ea0-48a4-4afe-9e05-31075aa3a5f6}</UniqueIdentifier>
    </Filter>
    <Filter Include="Rendering">
      <UniqueIdentifier>{90f3ecb1-e0b1-41fc-8574-0f3d8d799d4f}</UniqueIdentifier>
    </Filter>
    <Filter Include="Editor">
      <UniqueIdentifier>{82f8fa3a-c2b4-4cd1-9a90-c46b3a0b1dfb}</UniqueIdentifier>
    </Filter>
    <Filter Include="RenderGraph">
      <UniqueIdentifier>{ae8ff9af-e5a9-4001-bb0b-49fa7b006160}</UniqueIdentifier>
    </Filter>
    <Filter Include="Rendering\Passes">
      <UniqueIdentifier>{446d9ca2-5cd9-4492-b4d3-0f129c97eb27}</UniqueIdentifier>
    </Filter>
    <Filter Include="Shaders">
      <UniqueIdentifier>{1e5e0278-a230-4a83-80fb-55d749bd8fad}</UniqueIdentifier>
    </Filter>
    <Filter Include="External">
      <UniqueIdentifier>{2d0f4fdf-8937-4be0-8fa5-797b9dcbefec}</UniqueIdentifier>
    </Filter>
    <Filter Include="External\D3D12MA">
      <UniqueIdentifier>{5f8fe533-622b-4008-86c0-413e607271b6}</UniqueIdentifier>
    </Filter>
    <Filter Include="External\d3dx12">
      <UniqueIdentifier>{2589bf7e-268e-409f-af93-dd83b1e99892}</UniqueIdentifier>
    </Filter>
    <Filter Include="External\meshoptimizer">
      <UniqueIdentifier>{56ae3881-2233-4ddd-968f-8928d1ca4e8d}</UniqueIdentifier>
    </Filter>
    <Filter Include="External\ImGui">
      <UniqueIdentifier>{193b0e60-4098-4825-a53e-f7e3ffc005ea}</UniqueIdentifier>
    </Filter>
    <Filter Include="External\FontAwesome">
      <UniqueIdentifier>{c43936f5-3a2b-4145-8dd9-b8c7eee54f05}</UniqueIdentifier>
    </Filter>
    <Filter Include="External\tracy">
      <UniqueIdentifier>{b7135eb2-079c-421c-89f6-541149851239}</UniqueIdentifier>
    </Filter>
    <Filter Include="External\SimpleMath">
      <UniqueIdentifier>{2c8e0df6-adf6-494c-8d19-9be2a0108398}</UniqueIdentifier>
    </Filter>
    <Filter Include="External\FSR2">
      <UniqueIdentifier>{22fa08d9-3022-4546-a5d4-cf37d5c80b98}</UniqueIdentifier>
    </Filter>
    <Filter Include="External\FSR2\shaders">
      <UniqueIdentifier>{84b53cae-09ca-4523-921c-c574a646d176}</UniqueIdentifier>
    </Filter>
    <Filter Include="External\FSR2\dx12">
      <UniqueIdentifier>{2331d734-2ade-44df-b566-8af7fea3f16f}</UniqueIdentifier>
    </Filter>
    <Filter Include="External\FSR2\dx12\shaders">
      <UniqueIdentifier>{9f349144-e11e-4209-b522-22cf570f080e}</UniqueIdentifier>
    </Filter>
    <Filter Include="Shaders\DDGI">
      <UniqueIdentifier>{f9ebf9f5-e2c7-486e-87e9-fee6fbb73a70}</UniqueIdentifier>
    </Filter>
    <Filter Include="Shaders\Lighting">
      <UniqueIdentifier>{43434356-95c5-428b-9a77-b8d0a7702854}</UniqueIdentifier>
    </Filter>
    <Filter Include="Shaders\Ocean">
      <UniqueIdentifier>{dfae5b66-3403-4c83-b259-2080db2509e2}</UniqueIdentifier>
    </Filter>
    <Filter Include="Shaders\Other">
      <UniqueIdentifier>{d33256cf-c5ca-4cec-b4b1-291f5cf886d7}</UniqueIdentifier>
    </Filter>
    <Filter Include="Shaders\Postprocess">
      <UniqueIdentifier>{faa625cb-9da7-40e3-b099-f4f1f5d976c3}</UniqueIdentifier>
    </Filter>
    <Filter Include="Shaders\RayTracing">
      <UniqueIdentifier>{50c6e157-2c76-405c-81ac-d28ebc2b7c9e}</UniqueIdentifier>
    </Filter>
    <Filter Include="Shaders\SPD">
      <UniqueIdentifier>{29d6ef54-ae4d-4277-ab5e-4160ce0e1486}</UniqueIdentifier>
    </Filter>
    <Filter Include="Shaders\Weather">
      <UniqueIdentifier>{bf997929-489e-4e50-a82e-3f1071df6f00}</UniqueIdentifier>
    </Filter>
    <Filter Include="Shaders\ReSTIR">
      <UniqueIdentifier>{857bc129-3364-44fc-984b-1bba0cdcedc4}</UniqueIdentifier>
    </Filter>
    <Filter Include="Rendering\Passes\Post Effects">
      <UniqueIdentifier>{de292cab-0726-400f-ac59-32ab21a8ffdb}</UniqueIdentifier>
    </Filter>
    <Filter Include="Shaders\Postprocess\DepthOfField">
      <UniqueIdentifier>{deaf8853-789a-47dc-b077-f6b15197787c}</UniqueIdentifier>
    </Filter>
    <Filter Include="Shaders\Postprocess\AutoExposure">
      <UniqueIdentifier>{3206a26f-0c80-497e-ac0c-594b654e0d0f}</UniqueIdentifier>
    </Filter>
    <Filter Include="Shaders\Meshlets">
      <UniqueIdentifier>{7c6f2ed7-1031-4d59-83ef-7d4c631af847}</UniqueIdentifier>
    </Filter>
    <Filter Include="External\cgltf">
      <UniqueIdentifier>{f6fe0bd5-a23e-4986-aaa9-6cc500a30e6d}</UniqueIdentifier>
    </Filter>
    <Filter Include="Scenes">
      <UniqueIdentifier>{ce27b75e-26b1-4295-ac23-d51265bf3c76}</UniqueIdentifier>
    </Filter>
  </ItemGroup>
  <ItemGroup>
    <ClCompile Include="main.cpp" />
    <ClCompile Include="Logging\Logger.cpp">
      <Filter>Logging</Filter>
    </ClCompile>
    <ClCompile Include="Core\Engine.cpp">
      <Filter>Core</Filter>
    </ClCompile>
    <ClCompile Include="Core\Window.cpp">
      <Filter>Core</Filter>
    </ClCompile>
    <ClCompile Include="Rendering\Camera.cpp">
      <Filter>Rendering</Filter>
    </ClCompile>
    <ClCompile Include="Graphics\GfxShaderCompiler.cpp">
      <Filter>Graphics</Filter>
    </ClCompile>
    <ClCompile Include="Editor\Editor.cpp">
      <Filter>Editor</Filter>
    </ClCompile>
    <ClCompile Include="Graphics\GfxDevice.cpp">
      <Filter>Graphics</Filter>
    </ClCompile>
    <ClCompile Include="Rendering\SkyModel.cpp">
      <Filter>Rendering</Filter>
    </ClCompile>
    <ClCompile Include="RenderGraph\RenderGraphContext.cpp">
      <Filter>RenderGraph</Filter>
    </ClCompile>
    <ClCompile Include="RenderGraph\RenderGraph.cpp">
      <Filter>RenderGraph</Filter>
    </ClCompile>
    <ClCompile Include="Rendering\Renderer.cpp">
      <Filter>Rendering</Filter>
    </ClCompile>
    <ClCompile Include="RenderGraph\RenderGraphBuilder.cpp">
      <Filter>RenderGraph</Filter>
    </ClCompile>
    <ClCompile Include="Rendering\GBufferPass.cpp">
      <Filter>Rendering\Passes</Filter>
    </ClCompile>
    <ClCompile Include="Rendering\SkyPass.cpp">
      <Filter>Rendering\Passes</Filter>
    </ClCompile>
    <ClCompile Include="Rendering\BlurPass.cpp">
      <Filter>Rendering\Passes</Filter>
    </ClCompile>
    <ClCompile Include="Rendering\TiledDeferredLightingPass.cpp">
      <Filter>Rendering\Passes</Filter>
    </ClCompile>
    <ClCompile Include="Rendering\PostProcessor.cpp">
      <Filter>Rendering</Filter>
    </ClCompile>
    <ClCompile Include="Rendering\ClusteredDeferredLightingPass.cpp">
      <Filter>Rendering\Passes</Filter>
    </ClCompile>
    <ClCompile Include="Rendering\SSAOPass.cpp">
      <Filter>Rendering\Passes</Filter>
    </ClCompile>
    <ClCompile Include="Rendering\HBAOPass.cpp">
      <Filter>Rendering\Passes</Filter>
    </ClCompile>
    <ClCompile Include="Rendering\PickingPass.cpp">
      <Filter>Rendering\Passes</Filter>
    </ClCompile>
    <ClCompile Include="Rendering\DecalsPass.cpp">
      <Filter>Rendering\Passes</Filter>
    </ClCompile>
    <ClCompile Include="Rendering\ShaderManager.cpp">
      <Filter>Rendering</Filter>
    </ClCompile>
    <ClCompile Include="Editor\GUICommand.cpp">
      <Filter>Editor</Filter>
    </ClCompile>
    <ClCompile Include="Math\Packing.cpp">
      <Filter>Math</Filter>
    </ClCompile>
    <ClCompile Include="Rendering\DeferredLightingPass.cpp">
      <Filter>Rendering\Passes</Filter>
    </ClCompile>
    <ClCompile Include="Rendering\VolumetricLightingPass.cpp">
      <Filter>Rendering\Passes</Filter>
    </ClCompile>
    <ClCompile Include="Rendering\RayTracedShadowsPass.cpp">
      <Filter>Rendering\Passes</Filter>
    </ClCompile>
    <ClCompile Include="Rendering\RayTracedAmbientOcclusionPass.cpp">
      <Filter>Rendering\Passes</Filter>
    </ClCompile>
    <ClCompile Include="Rendering\PathTracingPass.cpp">
      <Filter>Rendering\Passes</Filter>
    </ClCompile>
    <ClCompile Include="Utilities\StringUtil.cpp">
      <Filter>Utilities</Filter>
    </ClCompile>
    <ClCompile Include="Utilities\Heightmap.cpp">
      <Filter>Utilities</Filter>
    </ClCompile>
    <ClCompile Include="Core\ConsoleManager.cpp">
      <Filter>Core</Filter>
    </ClCompile>
    <ClCompile Include="Editor\EditorLogger.cpp">
      <Filter>Editor</Filter>
    </ClCompile>
    <ClCompile Include="Rendering\EntityLoader.cpp">
      <Filter>Rendering</Filter>
    </ClCompile>
    <ClCompile Include="Utilities\Image.cpp">
      <Filter>Utilities</Filter>
    </ClCompile>
    <ClCompile Include="Graphics\GfxCommon.cpp">
      <Filter>Graphics</Filter>
    </ClCompile>
    <ClCompile Include="Rendering\GeometryBufferCache.cpp">
      <Filter>Rendering</Filter>
    </ClCompile>
    <ClCompile Include="Graphics\GfxPipelineState.cpp">
      <Filter>Graphics</Filter>
    </ClCompile>
    <ClCompile Include="Graphics\GfxFence.cpp">
      <Filter>Graphics</Filter>
    </ClCompile>
    <ClCompile Include="Graphics\GfxCommandQueue.cpp">
      <Filter>Graphics</Filter>
    </ClCompile>
    <ClCompile Include="Graphics\GfxTexture.cpp">
      <Filter>Graphics</Filter>
    </ClCompile>
    <ClCompile Include="Graphics\GfxBuffer.cpp">
      <Filter>Graphics</Filter>
    </ClCompile>
    <ClCompile Include="Graphics\GfxSwapchain.cpp">
      <Filter>Graphics</Filter>
    </ClCompile>
    <ClCompile Include="Rendering\AccelerationStructure.cpp">
      <Filter>Rendering</Filter>
    </ClCompile>
    <ClCompile Include="Graphics\GfxCommandList.cpp">
      <Filter>Graphics</Filter>
    </ClCompile>
    <ClCompile Include="Graphics\GfxRingDynamicAllocator.cpp">
      <Filter>Graphics</Filter>
    </ClCompile>
    <ClCompile Include="Graphics\GfxLinearDynamicAllocator.cpp">
      <Filter>Graphics</Filter>
    </ClCompile>
    <ClCompile Include="Graphics\GfxDescriptorAllocatorBase.cpp">
      <Filter>Graphics</Filter>
    </ClCompile>
    <ClCompile Include="Graphics\GfxDescriptorAllocator.cpp">
      <Filter>Graphics</Filter>
    </ClCompile>
    <ClCompile Include="Rendering\TextureManager.cpp">
      <Filter>Rendering</Filter>
    </ClCompile>
    <ClCompile Include="Graphics\GfxQueryHeap.cpp">
      <Filter>Graphics</Filter>
    </ClCompile>
    <ClCompile Include="precomp.cpp" />
    <ClCompile Include="Graphics\GfxRayTracingAS.cpp">
      <Filter>Graphics</Filter>
    </ClCompile>
    <ClCompile Include="Graphics\GfxCapabilities.cpp">
      <Filter>Graphics</Filter>
    </ClCompile>
    <ClCompile Include="Rendering\Components.cpp">
      <Filter>Rendering</Filter>
    </ClCompile>
    <ClCompile Include="..\External\D3D12MA\D3D12MemAlloc.cpp">
      <Filter>External\D3D12MA</Filter>
    </ClCompile>
    <ClCompile Include="..\External\meshoptimizer\allocator.cpp">
      <Filter>External\meshoptimizer</Filter>
    </ClCompile>
    <ClCompile Include="..\External\meshoptimizer\clusterizer.cpp">
      <Filter>External\meshoptimizer</Filter>
    </ClCompile>
    <ClCompile Include="..\External\meshoptimizer\indexcodec.cpp">
      <Filter>External\meshoptimizer</Filter>
    </ClCompile>
    <ClCompile Include="..\External\meshoptimizer\indexgenerator.cpp">
      <Filter>External\meshoptimizer</Filter>
    </ClCompile>
    <ClCompile Include="..\External\meshoptimizer\overdrawanalyzer.cpp">
      <Filter>External\meshoptimizer</Filter>
    </ClCompile>
    <ClCompile Include="..\External\meshoptimizer\overdrawoptimizer.cpp">
      <Filter>External\meshoptimizer</Filter>
    </ClCompile>
    <ClCompile Include="..\External\meshoptimizer\simplifier.cpp">
      <Filter>External\meshoptimizer</Filter>
    </ClCompile>
    <ClCompile Include="..\External\meshoptimizer\spatialorder.cpp">
      <Filter>External\meshoptimizer</Filter>
    </ClCompile>
    <ClCompile Include="..\External\meshoptimizer\stripifier.cpp">
      <Filter>External\meshoptimizer</Filter>
    </ClCompile>
    <ClCompile Include="..\External\meshoptimizer\vcacheanalyzer.cpp">
      <Filter>External\meshoptimizer</Filter>
    </ClCompile>
    <ClCompile Include="..\External\meshoptimizer\vcacheoptimizer.cpp">
      <Filter>External\meshoptimizer</Filter>
    </ClCompile>
    <ClCompile Include="..\External\meshoptimizer\vertexcodec.cpp">
      <Filter>External\meshoptimizer</Filter>
    </ClCompile>
    <ClCompile Include="..\External\meshoptimizer\vertexfilter.cpp">
      <Filter>External\meshoptimizer</Filter>
    </ClCompile>
    <ClCompile Include="..\External\meshoptimizer\vfetchanalyzer.cpp">
      <Filter>External\meshoptimizer</Filter>
    </ClCompile>
    <ClCompile Include="..\External\meshoptimizer\vfetchoptimizer.cpp">
      <Filter>External\meshoptimizer</Filter>
    </ClCompile>
    <ClCompile Include="..\External\ImGui\ImGui\imgui.cpp">
      <Filter>External\ImGui</Filter>
    </ClCompile>
    <ClCompile Include="..\External\ImGui\ImGui\imgui_demo.cpp">
      <Filter>External\ImGui</Filter>
    </ClCompile>
    <ClCompile Include="..\External\ImGui\ImGui\imgui_draw.cpp">
      <Filter>External\ImGui</Filter>
    </ClCompile>
    <ClCompile Include="..\External\ImGui\ImGui\imgui_impl_dx12.cpp">
      <Filter>External\ImGui</Filter>
    </ClCompile>
    <ClCompile Include="..\External\ImGui\ImGui\imgui_impl_win32.cpp">
      <Filter>External\ImGui</Filter>
    </ClCompile>
    <ClCompile Include="..\External\ImGui\ImGui\imgui_tables.cpp">
      <Filter>External\ImGui</Filter>
    </ClCompile>
    <ClCompile Include="..\External\ImGui\ImGui\imgui_widgets.cpp">
      <Filter>External\ImGui</Filter>
    </ClCompile>
    <ClCompile Include="..\External\ImGui\ImGui\ImGuizmo.cpp">
      <Filter>External\ImGui</Filter>
    </ClCompile>
    <ClCompile Include="Logging\OutputStreamLogger.cpp">
      <Filter>Logging</Filter>
    </ClCompile>
    <ClCompile Include="Logging\OutputDebugStringLogger.cpp">
      <Filter>Logging</Filter>
    </ClCompile>
    <ClCompile Include="Logging\FileLogger.cpp">
      <Filter>Logging</Filter>
    </ClCompile>
    <ClCompile Include="Rendering\HelperPasses.cpp">
      <Filter>Rendering\Passes</Filter>
    </ClCompile>
    <ClCompile Include="Graphics\GfxTracyProfiler.cpp">
      <Filter>Graphics</Filter>
    </ClCompile>
    <ClCompile Include="Graphics\GfxProfiler.cpp">
      <Filter>Graphics</Filter>
    </ClCompile>
    <ClCompile Include="..\External\tracy\TracyClient.cpp">
      <Filter>External\tracy</Filter>
    </ClCompile>
    <ClCompile Include="Rendering\DebugRenderer.cpp">
      <Filter>Rendering</Filter>
    </ClCompile>
    <ClCompile Include="..\External\SimpleMath\SimpleMath.cpp">
      <Filter>External\SimpleMath</Filter>
    </ClCompile>
    <ClCompile Include="Rendering\GPUDrivenGBufferPass.cpp">
      <Filter>Rendering\Passes</Filter>
    </ClCompile>
    <ClCompile Include="Utilities\ImageWrite.cpp">
      <Filter>Utilities</Filter>
    </ClCompile>
    <ClCompile Include="Graphics\GfxCommandListPool.cpp">
      <Filter>Graphics</Filter>
    </ClCompile>
    <ClCompile Include="Rendering\FidelityFXUtils.cpp">
      <Filter>Rendering</Filter>
    </ClCompile>
    <ClCompile Include="Rendering\FFXCACAOPass.cpp">
      <Filter>Rendering\Passes</Filter>
    </ClCompile>
    <ClCompile Include="Core\Input.cpp">
      <Filter>Core</Filter>
    </ClCompile>
    <ClCompile Include="Editor\EditorConsole.cpp">
      <Filter>Editor</Filter>
    </ClCompile>
    <ClCompile Include="Core\Paths.cpp">
      <Filter>Core</Filter>
    </ClCompile>
    <ClCompile Include="Utilities\FilesUtil.cpp">
      <Filter>Utilities</Filter>
    </ClCompile>
    <ClCompile Include="Rendering\GPUDebugPrinter.cpp">
      <Filter>Rendering</Filter>
    </ClCompile>
    <ClCompile Include="Rendering\RainPass.cpp">
      <Filter>Rendering\Passes</Filter>
    </ClCompile>
    <ClCompile Include="Rendering\RainBlockerMapPass.cpp">
      <Filter>Rendering\Passes</Filter>
    </ClCompile>
    <ClCompile Include="Graphics\GfxNsightAftermathGpuCrashTracker.cpp">
      <Filter>Graphics</Filter>
    </ClCompile>
    <ClCompile Include="Rendering\ReSTIRGI.cpp">
      <Filter>Rendering</Filter>
    </ClCompile>
    <ClCompile Include="Graphics\GfxStateObject.cpp">
      <Filter>Graphics</Filter>
    </ClCompile>
    <ClCompile Include="Graphics\GfxRayTracingShaderTable.cpp">
      <Filter>Graphics</Filter>
    </ClCompile>
    <ClCompile Include="Rendering\VolumetricFogPass.cpp">
      <Filter>Rendering\Passes</Filter>
    </ClCompile>
    <ClCompile Include="Graphics\GfxShaderKey.cpp">
      <Filter>Graphics</Filter>
    </ClCompile>
    <ClCompile Include="Graphics\GfxReflection.cpp">
      <Filter>Graphics</Filter>
    </ClCompile>
    <ClCompile Include="Rendering\SunPass.cpp">
      <Filter>Rendering\Passes</Filter>
    </ClCompile>
    <ClCompile Include="Rendering\RendererOutputPass.cpp">
      <Filter>Rendering\Passes</Filter>
    </ClCompile>
    <ClCompile Include="Rendering\DDGIPass.cpp">
      <Filter>Rendering\Passes</Filter>
    </ClCompile>
    <ClCompile Include="Editor\ImGuiManager.cpp">
      <Filter>Editor</Filter>
    </ClCompile>
    <ClCompile Include="Rendering\OceanRenderer.cpp">
      <Filter>Rendering\Passes</Filter>
    </ClCompile>
    <ClCompile Include="Rendering\ShadowRenderer.cpp">
      <Filter>Rendering\Passes</Filter>
    </ClCompile>
    <ClCompile Include="Rendering\AutoExposurePass.cpp">
      <Filter>Rendering\Passes\Post Effects</Filter>
    </ClCompile>
    <ClCompile Include="Rendering\BloomPass.cpp">
      <Filter>Rendering\Passes\Post Effects</Filter>
    </ClCompile>
    <ClCompile Include="Rendering\DepthOfFieldPassGroup.cpp">
      <Filter>Rendering\Passes\Post Effects</Filter>
    </ClCompile>
    <ClCompile Include="Rendering\DLSS3Pass.cpp">
      <Filter>Rendering\Passes\Post Effects</Filter>
    </ClCompile>
    <ClCompile Include="Rendering\ExponentialHeightFogPass.cpp">
      <Filter>Rendering\Passes\Post Effects</Filter>
    </ClCompile>
    <ClCompile Include="Rendering\FFXCASPass.cpp">
      <Filter>Rendering\Passes\Post Effects</Filter>
    </ClCompile>
    <ClCompile Include="Rendering\FFXDepthOfFieldPass.cpp">
      <Filter>Rendering\Passes\Post Effects</Filter>
    </ClCompile>
    <ClCompile Include="Rendering\FilmEffectsPass.cpp">
      <Filter>Rendering\Passes\Post Effects</Filter>
    </ClCompile>
    <ClCompile Include="Rendering\FSR2Pass.cpp">
      <Filter>Rendering\Passes\Post Effects</Filter>
    </ClCompile>
    <ClCompile Include="Rendering\FSR3Pass.cpp">
      <Filter>Rendering\Passes\Post Effects</Filter>
    </ClCompile>
    <ClCompile Include="Rendering\FXAAPass.cpp">
      <Filter>Rendering\Passes\Post Effects</Filter>
    </ClCompile>
    <ClCompile Include="Rendering\GodRaysPass.cpp">
      <Filter>Rendering\Passes\Post Effects</Filter>
    </ClCompile>
    <ClCompile Include="Rendering\LensFlarePass.cpp">
      <Filter>Rendering\Passes\Post Effects</Filter>
    </ClCompile>
    <ClCompile Include="Rendering\MotionVectorsPass.cpp">
      <Filter>Rendering\Passes\Post Effects</Filter>
    </ClCompile>
    <ClCompile Include="Rendering\MotionBlurPass.cpp">
      <Filter>Rendering\Passes\Post Effects</Filter>
    </ClCompile>
    <ClCompile Include="Rendering\RayTracedReflectionsPass.cpp">
      <Filter>Rendering\Passes\Post Effects</Filter>
    </ClCompile>
    <ClCompile Include="Rendering\ReflectionPassGroup.cpp">
      <Filter>Rendering\Passes\Post Effects</Filter>
    </ClCompile>
    <ClCompile Include="Rendering\SSRPass.cpp">
      <Filter>Rendering\Passes\Post Effects</Filter>
    </ClCompile>
    <ClCompile Include="Rendering\TAAPass.cpp">
      <Filter>Rendering\Passes\Post Effects</Filter>
    </ClCompile>
    <ClCompile Include="Rendering\ToneMapPass.cpp">
      <Filter>Rendering\Passes\Post Effects</Filter>
    </ClCompile>
    <ClCompile Include="Rendering\UpscalerPassGroup.cpp">
      <Filter>Rendering\Passes\Post Effects</Filter>
    </ClCompile>
    <ClCompile Include="Rendering\VolumetricCloudsPass.cpp">
      <Filter>Rendering\Passes\Post Effects</Filter>
    </ClCompile>
    <ClCompile Include="Rendering\XeSSPass.cpp">
      <Filter>Rendering\Passes\Post Effects</Filter>
    </ClCompile>
    <ClCompile Include="Rendering\DepthOfFieldPass.cpp">
      <Filter>Rendering\Passes\Post Effects</Filter>
    </ClCompile>
    <ClCompile Include="Rendering\FFXVRSPass.cpp">
      <Filter>Rendering\Passes</Filter>
    </ClCompile>
  </ItemGroup>
  <ItemGroup>
    <ClInclude Include="Utilities\RingBuffer.h">
      <Filter>Utilities</Filter>
    </ClInclude>
    <ClInclude Include="Utilities\ConcurrentQueue.h">
      <Filter>Utilities</Filter>
    </ClInclude>
    <ClInclude Include="Utilities\HashUtil.h">
      <Filter>Utilities</Filter>
    </ClInclude>
    <ClInclude Include="Utilities\Random.h">
      <Filter>Utilities</Filter>
    </ClInclude>
    <ClInclude Include="Utilities\StringUtil.h">
      <Filter>Utilities</Filter>
    </ClInclude>
    <ClInclude Include="Utilities\TemplatesUtil.h">
      <Filter>Utilities</Filter>
    </ClInclude>
    <ClInclude Include="Logging\Logger.h">
      <Filter>Logging</Filter>
    </ClInclude>
    <ClInclude Include="Core\CoreTypes.h">
      <Filter>Core</Filter>
    </ClInclude>
    <ClInclude Include="Core\Window.h">
      <Filter>Core</Filter>
    </ClInclude>
    <ClInclude Include="Utilities\MemoryDebugger.h">
      <Filter>Utilities</Filter>
    </ClInclude>
    <ClInclude Include="Core\Engine.h">
      <Filter>Core</Filter>
    </ClInclude>
    <ClInclude Include="Math\Constants.h">
      <Filter>Math</Filter>
    </ClInclude>
    <ClInclude Include="Core\Defines.h">
      <Filter>Core</Filter>
    </ClInclude>
    <ClInclude Include="resource.h">
      <Filter>Resource Files</Filter>
    </ClInclude>
    <ClInclude Include="Core\Windows.h">
      <Filter>Core</Filter>
    </ClInclude>
    <ClInclude Include="Utilities\Image.h">
      <Filter>Utilities</Filter>
    </ClInclude>
    <ClInclude Include="Rendering\Components.h">
      <Filter>Rendering</Filter>
    </ClInclude>
    <ClInclude Include="Rendering\Camera.h">
      <Filter>Rendering</Filter>
    </ClInclude>
    <ClInclude Include="Graphics\GfxShaderCompiler.h">
      <Filter>Graphics</Filter>
    </ClInclude>
    <ClInclude Include="Utilities\RingAllocator.h">
      <Filter>Utilities</Filter>
    </ClInclude>
    <ClInclude Include="Utilities\LinearAllocator.h">
      <Filter>Utilities</Filter>
    </ClInclude>
    <ClInclude Include="Utilities\AllocatorUtil.h">
      <Filter>Utilities</Filter>
    </ClInclude>
    <ClInclude Include="Graphics\GfxConstantBuffer.h">
      <Filter>Graphics</Filter>
    </ClInclude>
    <ClInclude Include="Graphics\GfxRenderPass.h">
      <Filter>Graphics</Filter>
    </ClInclude>
    <ClInclude Include="Editor\Editor.h">
      <Filter>Editor</Filter>
    </ClInclude>
    <ClInclude Include="Utilities\FilesUtil.h">
      <Filter>Utilities</Filter>
    </ClInclude>
    <ClInclude Include="Utilities\Timer.h">
      <Filter>Utilities</Filter>
    </ClInclude>
    <ClInclude Include="Utilities\EnumUtil.h">
      <Filter>Utilities</Filter>
    </ClInclude>
    <ClInclude Include="Graphics\GfxDevice.h">
      <Filter>Graphics</Filter>
    </ClInclude>
    <ClInclude Include="Utilities\HosekDataRGB.h">
      <Filter>Utilities</Filter>
    </ClInclude>
    <ClInclude Include="Rendering\SkyModel.h">
      <Filter>Rendering</Filter>
    </ClInclude>
    <ClInclude Include="Utilities\JsonUtil.h">
      <Filter>Utilities</Filter>
    </ClInclude>
    <ClInclude Include="RenderGraph\RenderGraph.h">
      <Filter>RenderGraph</Filter>
    </ClInclude>
    <ClInclude Include="RenderGraph\RenderGraphPass.h">
      <Filter>RenderGraph</Filter>
    </ClInclude>
    <ClInclude Include="RenderGraph\RenderGraphBlackboard.h">
      <Filter>RenderGraph</Filter>
    </ClInclude>
    <ClInclude Include="RenderGraph\RenderGraphContext.h">
      <Filter>RenderGraph</Filter>
    </ClInclude>
    <ClInclude Include="Graphics\GfxBuffer.h">
      <Filter>Graphics</Filter>
    </ClInclude>
    <ClInclude Include="Graphics\GfxTexture.h">
      <Filter>Graphics</Filter>
    </ClInclude>
    <ClInclude Include="Graphics\GfxResourceCommon.h">
      <Filter>Graphics</Filter>
    </ClInclude>
    <ClInclude Include="RenderGraph\RenderGraphResourcePool.h">
      <Filter>RenderGraph</Filter>
    </ClInclude>
    <ClInclude Include="Rendering\BlackboardData.h">
      <Filter>Rendering</Filter>
    </ClInclude>
    <ClInclude Include="RenderGraph\RenderGraphResourceName.h">
      <Filter>RenderGraph</Filter>
    </ClInclude>
    <ClInclude Include="RenderGraph\RenderGraphBuilder.h">
      <Filter>RenderGraph</Filter>
    </ClInclude>
    <ClInclude Include="RenderGraph\RenderGraphResourceId.h">
      <Filter>RenderGraph</Filter>
    </ClInclude>
    <ClInclude Include="Rendering\GBufferPass.h">
      <Filter>Rendering\Passes</Filter>
    </ClInclude>
    <ClInclude Include="Rendering\ViewportData.h">
      <Filter>Rendering</Filter>
    </ClInclude>
    <ClInclude Include="Rendering\SkyPass.h">
      <Filter>Rendering\Passes</Filter>
    </ClInclude>
    <ClInclude Include="Rendering\TiledDeferredLightingPass.h">
      <Filter>Rendering\Passes</Filter>
    </ClInclude>
    <ClInclude Include="Rendering\PostProcessor.h">
      <Filter>Rendering</Filter>
    </ClInclude>
    <ClInclude Include="Rendering\BlurPass.h">
      <Filter>Rendering\Passes</Filter>
    </ClInclude>
    <ClInclude Include="Rendering\ClusteredDeferredLightingPass.h">
      <Filter>Rendering\Passes</Filter>
    </ClInclude>
    <ClInclude Include="Rendering\SSAOPass.h">
      <Filter>Rendering\Passes</Filter>
    </ClInclude>
    <ClInclude Include="Rendering\HBAOPass.h">
      <Filter>Rendering\Passes</Filter>
    </ClInclude>
    <ClInclude Include="Rendering\PickingPass.h">
      <Filter>Rendering\Passes</Filter>
    </ClInclude>
    <ClInclude Include="Rendering\DecalsPass.h">
      <Filter>Rendering\Passes</Filter>
    </ClInclude>
    <ClInclude Include="Editor\EditorEvents.h">
      <Filter>Editor</Filter>
    </ClInclude>
    <ClInclude Include="Rendering\AccelerationStructure.h">
      <Filter>Rendering</Filter>
    </ClInclude>
    <ClInclude Include="Rendering\Renderer.h">
      <Filter>Rendering</Filter>
    </ClInclude>
    <ClInclude Include="Utilities\FileWatcher.h">
      <Filter>Utilities</Filter>
    </ClInclude>
    <ClInclude Include="Rendering\ShaderManager.h">
      <Filter>Rendering</Filter>
    </ClInclude>
    <ClInclude Include="Graphics\GfxShader.h">
      <Filter>Graphics</Filter>
    </ClInclude>
    <ClInclude Include="Graphics\GfxStates.h">
      <Filter>Graphics</Filter>
    </ClInclude>
    <ClInclude Include="Utilities\CLIParser.h">
      <Filter>Utilities</Filter>
    </ClInclude>
    <ClInclude Include="Editor\GUICommand.h">
      <Filter>Editor</Filter>
    </ClInclude>
    <ClInclude Include="Utilities\hwbp.h">
      <Filter>Utilities</Filter>
    </ClInclude>
    <ClInclude Include="Graphics\GfxInputLayout.h">
      <Filter>Graphics</Filter>
    </ClInclude>
    <ClInclude Include="Math\Packing.h">
      <Filter>Math</Filter>
    </ClInclude>
    <ClInclude Include="Rendering\DeferredLightingPass.h">
      <Filter>Rendering\Passes</Filter>
    </ClInclude>
    <ClInclude Include="Rendering\VolumetricLightingPass.h">
      <Filter>Rendering\Passes</Filter>
    </ClInclude>
    <ClInclude Include="Rendering\RayTracedShadowsPass.h">
      <Filter>Rendering\Passes</Filter>
    </ClInclude>
    <ClInclude Include="Rendering\RayTracedAmbientOcclusionPass.h">
      <Filter>Rendering\Passes</Filter>
    </ClInclude>
    <ClInclude Include="Rendering\PathTracingPass.h">
      <Filter>Rendering\Passes</Filter>
    </ClInclude>
    <ClInclude Include="Math\Halton.h">
      <Filter>Math</Filter>
    </ClInclude>
    <ClInclude Include="Utilities\Heightmap.h">
      <Filter>Utilities</Filter>
    </ClInclude>
    <ClInclude Include="Editor\EditorLogger.h">
      <Filter>Editor</Filter>
    </ClInclude>
    <ClInclude Include="Core\IConsoleManager.h">
      <Filter>Core</Filter>
    </ClInclude>
    <ClInclude Include="Rendering\GeometryBufferCache.h">
      <Filter>Rendering</Filter>
    </ClInclude>
    <ClInclude Include="Rendering\EntityLoader.h">
      <Filter>Rendering</Filter>
    </ClInclude>
    <ClInclude Include="Graphics\GfxCommon.h">
      <Filter>Graphics</Filter>
    </ClInclude>
    <ClInclude Include="Utilities\Ref.h">
      <Filter>Utilities</Filter>
    </ClInclude>
    <ClInclude Include="Graphics\GfxFormat.h">
      <Filter>Graphics</Filter>
    </ClInclude>
    <ClInclude Include="Graphics\GfxPipelineState.h">
      <Filter>Graphics</Filter>
    </ClInclude>
    <ClInclude Include="Graphics\GfxFence.h">
      <Filter>Graphics</Filter>
    </ClInclude>
    <ClInclude Include="Graphics\GfxCommandQueue.h">
      <Filter>Graphics</Filter>
    </ClInclude>
    <ClInclude Include="Graphics\GfxSwapchain.h">
      <Filter>Graphics</Filter>
    </ClInclude>
    <ClInclude Include="Graphics\GfxRingDynamicAllocator.h">
      <Filter>Graphics</Filter>
    </ClInclude>
    <ClInclude Include="Graphics\GfxRingDescriptorAllocator.h">
      <Filter>Graphics</Filter>
    </ClInclude>
    <ClInclude Include="Graphics\GfxLinearDynamicAllocator.h">
      <Filter>Graphics</Filter>
    </ClInclude>
    <ClInclude Include="Graphics\GfxDynamicAllocation.h">
      <Filter>Graphics</Filter>
    </ClInclude>
    <ClInclude Include="Graphics\GfxDescriptorAllocatorBase.h">
      <Filter>Graphics</Filter>
    </ClInclude>
    <ClInclude Include="Graphics\GfxDescriptorAllocator.h">
      <Filter>Graphics</Filter>
    </ClInclude>
    <ClInclude Include="Graphics\GfxDescriptor.h">
      <Filter>Graphics</Filter>
    </ClInclude>
    <ClInclude Include="Graphics\GfxDefines.h">
      <Filter>Graphics</Filter>
    </ClInclude>
    <ClInclude Include="Graphics\GfxCommandList.h">
      <Filter>Graphics</Filter>
    </ClInclude>
    <ClInclude Include="Utilities\Releasable.h">
      <Filter>Utilities</Filter>
    </ClInclude>
    <ClInclude Include="Graphics\GfxCommandSignature.h">
      <Filter>Graphics</Filter>
    </ClInclude>
    <ClInclude Include="Graphics\GfxVertexFormat.h">
      <Filter>Graphics</Filter>
    </ClInclude>
    <ClInclude Include="Rendering\TextureManager.h">
      <Filter>Rendering</Filter>
    </ClInclude>
    <ClInclude Include="Graphics\GfxQueryHeap.h">
      <Filter>Graphics</Filter>
    </ClInclude>
    <ClInclude Include="precomp.h" />
    <ClInclude Include="Utilities\Singleton.h">
      <Filter>Utilities</Filter>
    </ClInclude>
    <ClInclude Include="Rendering\Meshlet.h">
      <Filter>Rendering</Filter>
    </ClInclude>
    <ClInclude Include="Rendering\ShaderStructs.h">
      <Filter>Rendering</Filter>
    </ClInclude>
    <ClInclude Include="Graphics\GfxRayTracingShaderTable.h">
      <Filter>Graphics</Filter>
    </ClInclude>
    <ClInclude Include="Graphics\GfxRayTracingAS.h">
      <Filter>Graphics</Filter>
    </ClInclude>
    <ClInclude Include="Graphics\GfxCapabilities.h">
      <Filter>Graphics</Filter>
    </ClInclude>
    <ClInclude Include="..\External\D3D12MA\D3D12MemAlloc.h">
      <Filter>External\D3D12MA</Filter>
    </ClInclude>
    <ClInclude Include="..\External\d3dx12\d3dx12.h">
      <Filter>External\d3dx12</Filter>
    </ClInclude>
    <ClInclude Include="..\External\d3dx12\d3dx12_barriers.h">
      <Filter>External\d3dx12</Filter>
    </ClInclude>
    <ClInclude Include="..\External\d3dx12\d3dx12_check_feature_support.h">
      <Filter>External\d3dx12</Filter>
    </ClInclude>
    <ClInclude Include="..\External\d3dx12\d3dx12_core.h">
      <Filter>External\d3dx12</Filter>
    </ClInclude>
    <ClInclude Include="..\External\d3dx12\d3dx12_default.h">
      <Filter>External\d3dx12</Filter>
    </ClInclude>
    <ClInclude Include="..\External\d3dx12\d3dx12_pipeline_state_stream.h">
      <Filter>External\d3dx12</Filter>
    </ClInclude>
    <ClInclude Include="..\External\d3dx12\d3dx12_property_format_table.h">
      <Filter>External\d3dx12</Filter>
    </ClInclude>
    <ClInclude Include="..\External\d3dx12\d3dx12_render_pass.h">
      <Filter>External\d3dx12</Filter>
    </ClInclude>
    <ClInclude Include="..\External\d3dx12\d3dx12_resource_helpers.h">
      <Filter>External\d3dx12</Filter>
    </ClInclude>
    <ClInclude Include="..\External\d3dx12\d3dx12_root_signature.h">
      <Filter>External\d3dx12</Filter>
    </ClInclude>
    <ClInclude Include="..\External\d3dx12\d3dx12_state_object.h">
      <Filter>External\d3dx12</Filter>
    </ClInclude>
    <ClInclude Include="..\External\meshoptimizer\meshoptimizer.h">
      <Filter>External\meshoptimizer</Filter>
    </ClInclude>
    <ClInclude Include="..\External\FontAwesome\IconsFontAwesome4.h">
      <Filter>External\FontAwesome</Filter>
    </ClInclude>
    <ClInclude Include="..\External\ImGui\ImGui\imconfig.h">
      <Filter>External\ImGui</Filter>
    </ClInclude>
    <ClInclude Include="..\External\ImGui\ImGui\imgui.h">
      <Filter>External\ImGui</Filter>
    </ClInclude>
    <ClInclude Include="..\External\ImGui\ImGui\imgui_impl_dx12.h">
      <Filter>External\ImGui</Filter>
    </ClInclude>
    <ClInclude Include="..\External\ImGui\ImGui\imgui_impl_win32.h">
      <Filter>External\ImGui</Filter>
    </ClInclude>
    <ClInclude Include="..\External\ImGui\ImGui\imgui_internal.h">
      <Filter>External\ImGui</Filter>
    </ClInclude>
    <ClInclude Include="..\External\ImGui\ImGui\ImGuizmo.h">
      <Filter>External\ImGui</Filter>
    </ClInclude>
    <ClInclude Include="..\External\ImGui\ImGui\imstb_rectpack.h">
      <Filter>External\ImGui</Filter>
    </ClInclude>
    <ClInclude Include="..\External\ImGui\ImGui\imstb_textedit.h">
      <Filter>External\ImGui</Filter>
    </ClInclude>
    <ClInclude Include="..\External\ImGui\ImGui\imstb_truetype.h">
      <Filter>External\ImGui</Filter>
    </ClInclude>
    <ClInclude Include="Logging\OutputStreamLogger.h">
      <Filter>Logging</Filter>
    </ClInclude>
    <ClInclude Include="Logging\OutputDebugStringLogger.h">
      <Filter>Logging</Filter>
    </ClInclude>
    <ClInclude Include="Logging\FileLogger.h">
      <Filter>Logging</Filter>
    </ClInclude>
    <ClInclude Include="Rendering\HelperPasses.h">
      <Filter>Rendering\Passes</Filter>
    </ClInclude>
    <ClInclude Include="Graphics\GfxTracyProfiler.h">
      <Filter>Graphics</Filter>
    </ClInclude>
    <ClInclude Include="Graphics\GfxProfiler.h">
      <Filter>Graphics</Filter>
    </ClInclude>
    <ClInclude Include="..\External\tracy\tracy\TracyD3D12.hpp">
      <Filter>External\tracy</Filter>
    </ClInclude>
    <ClInclude Include="..\External\tracy\tracy\Tracy.hpp">
      <Filter>External\tracy</Filter>
    </ClInclude>
    <ClInclude Include="Rendering\DebugRenderer.h">
      <Filter>Rendering</Filter>
    </ClInclude>
    <ClInclude Include="..\External\SimpleMath\SimpleMath.h">
      <Filter>External\SimpleMath</Filter>
    </ClInclude>
    <ClInclude Include="Math\MathTypes.h">
      <Filter>Math</Filter>
    </ClInclude>
    <ClInclude Include="Rendering\GPUDrivenGBufferPass.h">
      <Filter>Rendering\Passes</Filter>
    </ClInclude>
    <ClInclude Include="..\External\FSR2\include\FSR2\ffx_error.h">
      <Filter>External\FSR2</Filter>
    </ClInclude>
    <ClInclude Include="..\External\FSR2\include\FSR2\ffx_fsr2.h">
      <Filter>External\FSR2</Filter>
    </ClInclude>
    <ClInclude Include="..\External\FSR2\include\FSR2\ffx_fsr2_interface.h">
      <Filter>External\FSR2</Filter>
    </ClInclude>
    <ClInclude Include="..\External\FSR2\include\FSR2\ffx_types.h">
      <Filter>External\FSR2</Filter>
    </ClInclude>
    <ClInclude Include="..\External\FSR2\include\FSR2\ffx_util.h">
      <Filter>External\FSR2</Filter>
    </ClInclude>
    <ClInclude Include="..\External\FSR2\include\FSR2\shaders\ffx_fsr2_common.h">
      <Filter>External\FSR2\shaders</Filter>
    </ClInclude>
    <ClInclude Include="..\External\FSR2\include\FSR2\shaders\ffx_fsr2_resources.h">
      <Filter>External\FSR2\shaders</Filter>
    </ClInclude>
    <ClInclude Include="..\External\FSR2\include\FSR2\dx12\ffx_fsr2_dx12.h">
      <Filter>External\FSR2\dx12</Filter>
    </ClInclude>
    <ClInclude Include="..\External\FSR2\include\FSR2\dx12\shaders\ffx_fsr2_shaders_dx12.h">
      <Filter>External\FSR2\dx12\shaders</Filter>
    </ClInclude>
    <ClInclude Include="..\External\FSR2\include\FSR2\ffx_assert.h">
      <Filter>External\FSR2</Filter>
    </ClInclude>
    <ClInclude Include="Graphics\GfxShaderEnums.h">
      <Filter>Graphics</Filter>
    </ClInclude>
    <ClInclude Include="Graphics\GfxCommandListPool.h">
      <Filter>Graphics</Filter>
    </ClInclude>
    <ClInclude Include="Utilities\ImageWrite.h">
      <Filter>Utilities</Filter>
    </ClInclude>
    <ClInclude Include="Rendering\FidelityFXUtils.h">
      <Filter>Rendering</Filter>
    </ClInclude>
    <ClInclude Include="Rendering\FFXCACAOPass.h">
      <Filter>Rendering\Passes</Filter>
    </ClInclude>
    <ClInclude Include="Utilities\Delegate.h">
      <Filter>Utilities</Filter>
    </ClInclude>
    <ClInclude Include="Utilities\ThreadPool.h">
      <Filter>Utilities</Filter>
    </ClInclude>
    <ClInclude Include="Core\Input.h">
      <Filter>Core</Filter>
    </ClInclude>
    <ClInclude Include="Editor\EditorConsole.h">
      <Filter>Editor</Filter>
    </ClInclude>
    <ClInclude Include="Core\Paths.h">
      <Filter>Core</Filter>
    </ClInclude>
    <ClInclude Include="Rendering\GPUDebugPrinter.h">
      <Filter>Rendering</Filter>
    </ClInclude>
    <ClInclude Include="Resources\Shaders\SPD\ffx_a.h">
      <Filter>Shaders\SPD</Filter>
    </ClInclude>
    <ClInclude Include="Resources\Shaders\SPD\ffx_spd.h">
      <Filter>Shaders\SPD</Filter>
    </ClInclude>
    <ClInclude Include="Rendering\RainPass.h">
      <Filter>Rendering\Passes</Filter>
    </ClInclude>
    <ClInclude Include="Rendering\TextureHandle.h">
      <Filter>Rendering</Filter>
    </ClInclude>
    <ClInclude Include="Rendering\RainBlockerMapPass.h">
      <Filter>Rendering\Passes</Filter>
    </ClInclude>
    <ClInclude Include="Graphics\GfxNsightAftermathGpuCrashTracker.h">
      <Filter>Graphics</Filter>
    </ClInclude>
    <ClInclude Include="Graphics\GfxStateObject.h">
      <Filter>Graphics</Filter>
    </ClInclude>
    <ClInclude Include="Rendering\ReSTIRGI.h">
      <Filter>Rendering</Filter>
    </ClInclude>
    <ClInclude Include="Rendering\VolumetricFogPass.h">
      <Filter>Rendering\Passes</Filter>
    </ClInclude>
    <ClInclude Include="Math\NormalsUtil.h">
      <Filter>Math</Filter>
    </ClInclude>
    <ClInclude Include="Math\MathCommon.h">
      <Filter>Math</Filter>
    </ClInclude>
    <ClInclude Include="Math\BoundingVolumeUtil.h">
      <Filter>Math</Filter>
    </ClInclude>
    <ClInclude Include="Graphics\GfxReflection.h">
      <Filter>Graphics</Filter>
    </ClInclude>
    <ClInclude Include="Graphics\GfxShaderKey.h">
      <Filter>Graphics</Filter>
    </ClInclude>
    <ClInclude Include="Graphics\GfxPipelineStatePermutations.h">
      <Filter>Graphics</Filter>
    </ClInclude>
    <ClInclude Include="Rendering\SunPass.h">
      <Filter>Rendering\Passes</Filter>
    </ClInclude>
    <ClInclude Include="Rendering\RendererOutputPass.h">
      <Filter>Rendering\Passes</Filter>
    </ClInclude>
    <ClInclude Include="Core\ConsoleManager.h">
      <Filter>Core</Filter>
    </ClInclude>
    <ClInclude Include="Graphics\GfxOptions.h">
      <Filter>Graphics</Filter>
    </ClInclude>
    <ClInclude Include="Rendering\DDGIPass.h">
      <Filter>Rendering\Passes</Filter>
    </ClInclude>
    <ClInclude Include="Editor\ImGuiManager.h">
      <Filter>Editor</Filter>
    </ClInclude>
    <ClInclude Include="Rendering\OceanRenderer.h">
      <Filter>Rendering\Passes</Filter>
    </ClInclude>
    <ClInclude Include="Rendering\ShadowRenderer.h">
      <Filter>Rendering\Passes</Filter>
    </ClInclude>
    <ClInclude Include="Rendering\PostEffect.h">
      <Filter>Rendering\Passes\Post Effects</Filter>
    </ClInclude>
    <ClInclude Include="Rendering\AutoExposurePass.h">
      <Filter>Rendering\Passes\Post Effects</Filter>
    </ClInclude>
    <ClInclude Include="Rendering\BloomPass.h">
      <Filter>Rendering\Passes\Post Effects</Filter>
    </ClInclude>
    <ClInclude Include="Rendering\DepthOfFieldPassGroup.h">
      <Filter>Rendering\Passes\Post Effects</Filter>
    </ClInclude>
    <ClInclude Include="Rendering\DLSS3Pass.h">
      <Filter>Rendering\Passes\Post Effects</Filter>
    </ClInclude>
    <ClInclude Include="Rendering\ExponentialHeightFogPass.h">
      <Filter>Rendering\Passes\Post Effects</Filter>
    </ClInclude>
    <ClInclude Include="Rendering\FFXCASPass.h">
      <Filter>Rendering\Passes\Post Effects</Filter>
    </ClInclude>
    <ClInclude Include="Rendering\FFXDepthOfFieldPass.h">
      <Filter>Rendering\Passes\Post Effects</Filter>
    </ClInclude>
    <ClInclude Include="Rendering\FilmEffectsPass.h">
      <Filter>Rendering\Passes\Post Effects</Filter>
    </ClInclude>
    <ClInclude Include="Rendering\FSR2Pass.h">
      <Filter>Rendering\Passes\Post Effects</Filter>
    </ClInclude>
    <ClInclude Include="Rendering\FSR3Pass.h">
      <Filter>Rendering\Passes\Post Effects</Filter>
    </ClInclude>
    <ClInclude Include="Rendering\FXAAPass.h">
      <Filter>Rendering\Passes\Post Effects</Filter>
    </ClInclude>
    <ClInclude Include="Rendering\GodRaysPass.h">
      <Filter>Rendering\Passes\Post Effects</Filter>
    </ClInclude>
    <ClInclude Include="Rendering\LensFlarePass.h">
      <Filter>Rendering\Passes\Post Effects</Filter>
    </ClInclude>
    <ClInclude Include="Rendering\MotionVectorsPass.h">
      <Filter>Rendering\Passes\Post Effects</Filter>
    </ClInclude>
    <ClInclude Include="Rendering\MotionBlurPass.h">
      <Filter>Rendering\Passes\Post Effects</Filter>
    </ClInclude>
    <ClInclude Include="Rendering\RayTracedReflectionsPass.h">
      <Filter>Rendering\Passes\Post Effects</Filter>
    </ClInclude>
    <ClInclude Include="Rendering\ReflectionPassGroup.h">
      <Filter>Rendering\Passes\Post Effects</Filter>
    </ClInclude>
    <ClInclude Include="Rendering\SSRPass.h">
      <Filter>Rendering\Passes\Post Effects</Filter>
    </ClInclude>
    <ClInclude Include="Rendering\TAAPass.h">
      <Filter>Rendering\Passes\Post Effects</Filter>
    </ClInclude>
    <ClInclude Include="Rendering\ToneMapPass.h">
      <Filter>Rendering\Passes\Post Effects</Filter>
    </ClInclude>
    <ClInclude Include="Rendering\UpscalerPass.h">
      <Filter>Rendering\Passes\Post Effects</Filter>
    </ClInclude>
    <ClInclude Include="Rendering\UpscalerPassGroup.h">
      <Filter>Rendering\Passes\Post Effects</Filter>
    </ClInclude>
    <ClInclude Include="Rendering\VolumetricCloudsPass.h">
      <Filter>Rendering\Passes\Post Effects</Filter>
    </ClInclude>
    <ClInclude Include="Rendering\XeSSPass.h">
      <Filter>Rendering\Passes\Post Effects</Filter>
    </ClInclude>
    <ClInclude Include="Rendering\DepthOfFieldPass.h">
      <Filter>Rendering\Passes\Post Effects</Filter>
    </ClInclude>
    <ClInclude Include="Graphics\GfxPipelineStatePermutationsFwd.h">
      <Filter>Graphics</Filter>
    </ClInclude>
    <ClInclude Include="..\External\cgltf\cgltf.h">
      <Filter>External\cgltf</Filter>
    </ClInclude>
    <ClInclude Include="Rendering\FFXVRSPass.h">
      <Filter>Rendering\Passes</Filter>
    </ClInclude>
    <ClInclude Include="Graphics\GfxShadingRate.h">
      <Filter>Graphics</Filter>
    </ClInclude>
  </ItemGroup>
  <ItemGroup>
    <ResourceCompile Include="Adria.rc">
      <Filter>Resource Files</Filter>
    </ResourceCompile>
  </ItemGroup>
  <ItemGroup>
    <Image Include="Resources\Icons\adria_logo.ico">
      <Filter>Resource Files</Filter>
    </Image>
  </ItemGroup>
  <ItemGroup>
    <None Include="packages.config" />
    <None Include="..\.gitignore" />
    <None Include="..\External\SimpleMath\SimpleMath.inl">
      <Filter>External\SimpleMath</Filter>
    </None>
    <None Include="Resources\Shaders\Atmosphere.hlsli">
      <Filter>Shaders</Filter>
    </None>
    <None Include="Resources\Shaders\BRDF.hlsli">
      <Filter>Shaders</Filter>
    </None>
    <None Include="Resources\Shaders\Common.hlsli">
      <Filter>Shaders</Filter>
    </None>
    <None Include="Resources\Shaders\CommonResources.hlsli">
      <Filter>Shaders</Filter>
    </None>
    <None Include="Resources\Shaders\Constants.hlsli">
      <Filter>Shaders</Filter>
    </None>
    <None Include="Resources\Shaders\DebugPrint.hlsli">
      <Filter>Shaders</Filter>
    </None>
    <None Include="Resources\Shaders\DitherUtil.hlsli">
      <Filter>Shaders</Filter>
    </None>
    <None Include="Resources\Shaders\Lighting.hlsli">
      <Filter>Shaders</Filter>
    </None>
    <None Include="Resources\Shaders\Noise.hlsli">
      <Filter>Shaders</Filter>
    </None>
    <None Include="Resources\Shaders\Packing.hlsli">
      <Filter>Shaders</Filter>
    </None>
    <None Include="Resources\Shaders\Primitives.hlsli">
      <Filter>Shaders</Filter>
    </None>
    <None Include="Resources\Shaders\Random.hlsli">
      <Filter>Shaders</Filter>
    </None>
    <None Include="Resources\Shaders\Reflections.hlsli">
      <Filter>Shaders</Filter>
    </None>
    <None Include="Resources\Shaders\Scene.hlsli">
      <Filter>Shaders</Filter>
    </None>
    <None Include="Resources\Shaders\Tonemapping.hlsli">
      <Filter>Shaders</Filter>
    </None>
    <None Include="Resources\Shaders\DDGI\DDGICommon.hlsli">
      <Filter>Shaders\DDGI</Filter>
    </None>
    <None Include="Resources\Shaders\RayTracing\PathTracing.hlsli">
      <Filter>Shaders\RayTracing</Filter>
    </None>
    <None Include="Resources\Shaders\RayTracing\RayTracingUtil.hlsli">
      <Filter>Shaders\RayTracing</Filter>
    </None>
    <None Include="Resources\Shaders\Weather\RainUtil.hlsli">
      <Filter>Shaders\Weather</Filter>
    </None>
    <None Include="Saved\Ini\cvars.ini" />
    <None Include="..\README.md" />
    <None Include="Resources\Shaders\Postprocess\AutoExposure\ExposureUtil.hlsli">
      <Filter>Shaders\Postprocess\AutoExposure</Filter>
    </None>
    <None Include="Resources\Shaders\Meshlets\GpuDrivenRendering.hlsli">
      <Filter>Shaders\Meshlets</Filter>
    </None>
    <None Include="..\External\cgltf\LICENSE">
      <Filter>External\cgltf</Filter>
    </None>
    <None Include="Saved\Scenes\brutalism.json">
      <Filter>Scenes</Filter>
    </None>
    <None Include="Saved\Scenes\sponza.json">
      <Filter>Scenes</Filter>
    </None>
    <None Include="Saved\Scenes\sanmiguel.json">
      <Filter>Scenes</Filter>
    </None>
    <None Include="Saved\Scenes\toyshop.json">
      <Filter>Scenes</Filter>
    </None>
    <None Include="Saved\Scenes\hangar.json">
      <Filter>Scenes</Filter>
    </None>
    <None Include="Saved\Scenes\bistro.json">
      <Filter>Scenes</Filter>
    </None>
    <None Include="Saved\Scenes\newsponza.json">
      <Filter>Scenes</Filter>
    </None>
  </ItemGroup>
  <ItemGroup>
    <FxCompile Include="Resources\Shaders\DDGI\DDGIRayTrace.hlsl">
      <Filter>Shaders\DDGI</Filter>
    </FxCompile>
    <FxCompile Include="Resources\Shaders\DDGI\DDGIUpdateDistance.hlsl">
      <Filter>Shaders\DDGI</Filter>
    </FxCompile>
    <FxCompile Include="Resources\Shaders\DDGI\DDGIUpdateIrradiance.hlsl">
      <Filter>Shaders\DDGI</Filter>
    </FxCompile>
    <FxCompile Include="Resources\Shaders\DDGI\DDGIVisualize.hlsl">
      <Filter>Shaders\DDGI</Filter>
    </FxCompile>
    <FxCompile Include="Resources\Shaders\Lighting\Ambient.hlsl">
      <Filter>Shaders\Lighting</Filter>
    </FxCompile>
    <FxCompile Include="Resources\Shaders\Lighting\ClusterBuilding.hlsl">
      <Filter>Shaders\Lighting</Filter>
    </FxCompile>
    <FxCompile Include="Resources\Shaders\Lighting\ClusterCulling.hlsl">
      <Filter>Shaders\Lighting</Filter>
    </FxCompile>
    <FxCompile Include="Resources\Shaders\Lighting\ClusteredDeferredLighting.hlsl">
      <Filter>Shaders\Lighting</Filter>
    </FxCompile>
    <FxCompile Include="Resources\Shaders\Lighting\DeferredLighting.hlsl">
      <Filter>Shaders\Lighting</Filter>
    </FxCompile>
    <FxCompile Include="Resources\Shaders\Lighting\GBuffer.hlsl">
      <Filter>Shaders\Lighting</Filter>
    </FxCompile>
    <FxCompile Include="Resources\Shaders\Lighting\Shadow.hlsl">
      <Filter>Shaders\Lighting</Filter>
    </FxCompile>
    <FxCompile Include="Resources\Shaders\Lighting\TiledDeferredLighting.hlsl">
      <Filter>Shaders\Lighting</Filter>
    </FxCompile>
    <FxCompile Include="Resources\Shaders\Lighting\VolumetricLighting.hlsl">
      <Filter>Shaders\Lighting</Filter>
    </FxCompile>
    <FxCompile Include="Resources\Shaders\Weather\CloudNoise.hlsl">
      <Filter>Shaders\Weather</Filter>
    </FxCompile>
    <FxCompile Include="Resources\Shaders\Weather\Sky.hlsl">
      <Filter>Shaders\Weather</Filter>
    </FxCompile>
    <FxCompile Include="Resources\Shaders\Weather\VolumetricClouds.hlsl">
      <Filter>Shaders\Weather</Filter>
    </FxCompile>
    <FxCompile Include="Resources\Shaders\RayTracing\PathTracer.hlsl">
      <Filter>Shaders\RayTracing</Filter>
    </FxCompile>
    <FxCompile Include="Resources\Shaders\RayTracing\RayTracedAmbientOcclusion.hlsl">
      <Filter>Shaders\RayTracing</Filter>
    </FxCompile>
    <FxCompile Include="Resources\Shaders\RayTracing\RayTracedReflections.hlsl">
      <Filter>Shaders\RayTracing</Filter>
    </FxCompile>
    <FxCompile Include="Resources\Shaders\RayTracing\RayTracedShadows.hlsl">
      <Filter>Shaders\RayTracing</Filter>
    </FxCompile>
    <FxCompile Include="Resources\Shaders\RayTracing\RTAOFilter.hlsl">
      <Filter>Shaders\RayTracing</Filter>
    </FxCompile>
    <FxCompile Include="Resources\Shaders\Postprocess\Bloom.hlsl">
      <Filter>Shaders\Postprocess</Filter>
    </FxCompile>
    <FxCompile Include="Resources\Shaders\Postprocess\Blur.hlsl">
      <Filter>Shaders\Postprocess</Filter>
    </FxCompile>
    <FxCompile Include="Resources\Shaders\Postprocess\FilmEffects.hlsl">
      <Filter>Shaders\Postprocess</Filter>
    </FxCompile>
    <FxCompile Include="Resources\Shaders\Postprocess\ExponentialHeightFog.hlsl">
      <Filter>Shaders\Postprocess</Filter>
    </FxCompile>
    <FxCompile Include="Resources\Shaders\Postprocess\FXAA.hlsl">
      <Filter>Shaders\Postprocess</Filter>
    </FxCompile>
    <FxCompile Include="Resources\Shaders\Postprocess\GodRays.hlsl">
      <Filter>Shaders\Postprocess</Filter>
    </FxCompile>
    <FxCompile Include="Resources\Shaders\Postprocess\HBAO.hlsl">
      <Filter>Shaders\Postprocess</Filter>
    </FxCompile>
    <FxCompile Include="Resources\Shaders\Postprocess\LensFlare.hlsl">
      <Filter>Shaders\Postprocess</Filter>
    </FxCompile>
    <FxCompile Include="Resources\Shaders\Postprocess\LensFlare2.hlsl">
      <Filter>Shaders\Postprocess</Filter>
    </FxCompile>
    <FxCompile Include="Resources\Shaders\Postprocess\MotionBlur.hlsl">
      <Filter>Shaders\Postprocess</Filter>
    </FxCompile>
    <FxCompile Include="Resources\Shaders\Postprocess\MotionVectors.hlsl">
      <Filter>Shaders\Postprocess</Filter>
    </FxCompile>
    <FxCompile Include="Resources\Shaders\Postprocess\SSAO.hlsl">
      <Filter>Shaders\Postprocess</Filter>
    </FxCompile>
    <FxCompile Include="Resources\Shaders\Postprocess\SSR.hlsl">
      <Filter>Shaders\Postprocess</Filter>
    </FxCompile>
    <FxCompile Include="Resources\Shaders\Postprocess\TAA.hlsl">
      <Filter>Shaders\Postprocess</Filter>
    </FxCompile>
    <FxCompile Include="Resources\Shaders\Postprocess\Tonemap.hlsl">
      <Filter>Shaders\Postprocess</Filter>
    </FxCompile>
    <FxCompile Include="Resources\Shaders\Other\AddTextures.hlsl">
      <Filter>Shaders\Other</Filter>
    </FxCompile>
    <FxCompile Include="Resources\Shaders\Other\CopyTexture.hlsl">
      <Filter>Shaders\Other</Filter>
    </FxCompile>
    <FxCompile Include="Resources\Shaders\Other\Debug.hlsl">
      <Filter>Shaders\Other</Filter>
    </FxCompile>
    <FxCompile Include="Resources\Shaders\Other\Decals.hlsl">
      <Filter>Shaders\Other</Filter>
    </FxCompile>
    <FxCompile Include="Resources\Shaders\Other\FullscreenTriangle.hlsl">
      <Filter>Shaders\Other</Filter>
    </FxCompile>
    <FxCompile Include="Resources\Shaders\Other\GenerateMips.hlsl">
      <Filter>Shaders\Other</Filter>
    </FxCompile>
    <FxCompile Include="Resources\Shaders\Other\Picking.hlsl">
      <Filter>Shaders\Other</Filter>
    </FxCompile>
    <FxCompile Include="Resources\Shaders\Other\Simple.hlsl">
      <Filter>Shaders\Other</Filter>
    </FxCompile>
    <FxCompile Include="Resources\Shaders\Ocean\FFT.hlsl">
      <Filter>Shaders\Ocean</Filter>
    </FxCompile>
    <FxCompile Include="Resources\Shaders\Ocean\InitialSpectrum.hlsl">
      <Filter>Shaders\Ocean</Filter>
    </FxCompile>
    <FxCompile Include="Resources\Shaders\Ocean\Ocean.hlsl">
      <Filter>Shaders\Ocean</Filter>
    </FxCompile>
    <FxCompile Include="Resources\Shaders\Ocean\OceanLOD.hlsl">
      <Filter>Shaders\Ocean</Filter>
    </FxCompile>
    <FxCompile Include="Resources\Shaders\Ocean\OceanNormals.hlsl">
      <Filter>Shaders\Ocean</Filter>
    </FxCompile>
    <FxCompile Include="Resources\Shaders\Ocean\Phase.hlsl">
      <Filter>Shaders\Ocean</Filter>
    </FxCompile>
    <FxCompile Include="Resources\Shaders\Ocean\Spectrum.hlsl">
      <Filter>Shaders\Ocean</Filter>
    </FxCompile>
    <FxCompile Include="Resources\Shaders\Weather\Rain.hlsl">
      <Filter>Shaders\Weather</Filter>
    </FxCompile>
    <FxCompile Include="Resources\Shaders\Weather\RainSimulation.hlsl">
      <Filter>Shaders\Weather</Filter>
    </FxCompile>
    <FxCompile Include="Resources\Shaders\Weather\RainBlocker.hlsl">
      <Filter>Shaders\Weather</Filter>
    </FxCompile>
    <FxCompile Include="Resources\Shaders\ReSTIR\InitialSampling.hlsl">
      <Filter>Shaders\ReSTIR</Filter>
    </FxCompile>
    <FxCompile Include="Resources\Shaders\Lighting\VolumetricFog.hlsl">
      <Filter>Shaders\Lighting</Filter>
    </FxCompile>
    <FxCompile Include="Resources\Shaders\Other\RendererOutput.hlsl">
      <Filter>Shaders\Other</Filter>
    </FxCompile>
    <FxCompile Include="Resources\Shaders\Postprocess\DepthOfField\CircleOfConfusion.hlsl">
      <Filter>Shaders\Postprocess\DepthOfField</Filter>
    </FxCompile>
    <FxCompile Include="Resources\Shaders\Postprocess\AutoExposure\BuildHistogram.hlsl">
      <Filter>Shaders\Postprocess\AutoExposure</Filter>
    </FxCompile>
    <FxCompile Include="Resources\Shaders\Postprocess\AutoExposure\Exposure.hlsl">
      <Filter>Shaders\Postprocess\AutoExposure</Filter>
    </FxCompile>
    <FxCompile Include="Resources\Shaders\Postprocess\AutoExposure\HistogramReduction.hlsl">
      <Filter>Shaders\Postprocess\AutoExposure</Filter>
    </FxCompile>
    <FxCompile Include="Resources\Shaders\Meshlets\ClearCounters.hlsl">
      <Filter>Shaders\Meshlets</Filter>
    </FxCompile>
    <FxCompile Include="Resources\Shaders\Meshlets\CullInstances.hlsl">
      <Filter>Shaders\Meshlets</Filter>
    </FxCompile>
    <FxCompile Include="Resources\Shaders\Meshlets\CullMeshlets.hlsl">
      <Filter>Shaders\Meshlets</Filter>
    </FxCompile>
    <FxCompile Include="Resources\Shaders\Meshlets\DrawMeshlets.hlsl">
      <Filter>Shaders\Meshlets</Filter>
    </FxCompile>
    <FxCompile Include="Resources\Shaders\Meshlets\HZB.hlsl">
      <Filter>Shaders\Meshlets</Filter>
    </FxCompile>
    <FxCompile Include="Resources\Shaders\Postprocess\DepthOfField\DepthOfField.hlsl">
      <Filter>Shaders\Postprocess\DepthOfField</Filter>
    </FxCompile>
    <FxCompile Include="Resources\Shaders\Postprocess\DepthOfField\Bokeh.hlsl">
      <Filter>Shaders\Postprocess\DepthOfField</Filter>
    </FxCompile>
    <FxCompile Include="Resources\Shaders\Other\VRSOverlay.hlsl">
      <Filter>Shaders\Other</Filter>
    </FxCompile>
  </ItemGroup>
</Project>